
Microsoft Visual Studio Solution File, Format Version 12.00
# Visual Studio 15
VisualStudioVersion = 15.0.28307.421
MinimumVisualStudioVersion = 10.0.40219.1
Project("{8BC9CEB8-8B4A-11D0-8D11-00A0C91BC942}") = "1000", "1000\1000.vcxproj", "{35A5FE9C-505C-42D8-B9CD-D5373235C8AE}"
EndProject
Project("{8BC9CEB8-8B4A-11D0-8D11-00A0C91BC942}") = "10998", "10998\10998.vcxproj", "{AA9BB0CC-AE68-4C2C-B931-F340176E5F74}"
EndProject
Project("{8BC9CEB8-8B4A-11D0-8D11-00A0C91BC942}") = "1008", "1008\1008.vcxproj", "{EE65E55C-A299-495A-B598-C52B81526CD5}"
EndProject
Project("{8BC9CEB8-8B4A-11D0-8D11-00A0C91BC942}") = "10869", "10869\10869.vcxproj", "{CCE20894-C4C7-4396-8CEB-28AD836C264C}"
EndProject
Project("{8BC9CEB8-8B4A-11D0-8D11-00A0C91BC942}") = "10430", "10430\10430.vcxproj", "{DFF3C588-8CEB-482F-8EC1-5BC039B06BBD}"
EndProject
Project("{8BC9CEB8-8B4A-11D0-8D11-00A0C91BC942}") = "2558", "2558\2558.vcxproj", "{8DBC6F77-A3BC-4B9D-AC8E-2A6325D8B7E3}"
EndProject
Project("{8BC9CEB8-8B4A-11D0-8D11-00A0C91BC942}") = "2588", "2588\2588.vcxproj", "{D729D7D7-5AD1-4DE2-9089-24C06FB6C1A8}"
EndProject
Project("{8BC9CEB8-8B4A-11D0-8D11-00A0C91BC942}") = "3046", "3046\3046.vcxproj", "{A7F022C4-3E2C-48F1-AD2C-F822FCDC0DA5}"
EndProject
Project("{8BC9CEB8-8B4A-11D0-8D11-00A0C91BC942}") = "2163", "2163\2163.vcxproj", "{B9286436-B245-481A-9BA9-A081D7FDF452}"
EndProject
Project("{8BC9CEB8-8B4A-11D0-8D11-00A0C91BC942}") = "11021", "11021\11021.vcxproj", "{96E841BD-255E-44D2-B9B2-FC7AD29DEC57}"
EndProject
Project("{8BC9CEB8-8B4A-11D0-8D11-00A0C91BC942}") = "11022", "11022\11022.vcxproj", "{4316DA0F-062B-44F8-9747-C7F56B4F45A6}"
EndProject
Global
	GlobalSection(SolutionConfigurationPlatforms) = preSolution
		Debug|x64 = Debug|x64
		Debug|x86 = Debug|x86
		Release|x64 = Release|x64
		Release|x86 = Release|x86
	EndGlobalSection
	GlobalSection(ProjectConfigurationPlatforms) = postSolution
		{35A5FE9C-505C-42D8-B9CD-D5373235C8AE}.Debug|x64.ActiveCfg = Debug|x64
		{35A5FE9C-505C-42D8-B9CD-D5373235C8AE}.Debug|x64.Build.0 = Debug|x64
		{35A5FE9C-505C-42D8-B9CD-D5373235C8AE}.Debug|x86.ActiveCfg = Debug|Win32
		{35A5FE9C-505C-42D8-B9CD-D5373235C8AE}.Debug|x86.Build.0 = Debug|Win32
		{35A5FE9C-505C-42D8-B9CD-D5373235C8AE}.Release|x64.ActiveCfg = Release|x64
		{35A5FE9C-505C-42D8-B9CD-D5373235C8AE}.Release|x64.Build.0 = Release|x64
		{35A5FE9C-505C-42D8-B9CD-D5373235C8AE}.Release|x86.ActiveCfg = Release|Win32
		{35A5FE9C-505C-42D8-B9CD-D5373235C8AE}.Release|x86.Build.0 = Release|Win32
		{AA9BB0CC-AE68-4C2C-B931-F340176E5F74}.Debug|x64.ActiveCfg = Debug|x64
		{AA9BB0CC-AE68-4C2C-B931-F340176E5F74}.Debug|x64.Build.0 = Debug|x64
		{AA9BB0CC-AE68-4C2C-B931-F340176E5F74}.Debug|x86.ActiveCfg = Debug|Win32
		{AA9BB0CC-AE68-4C2C-B931-F340176E5F74}.Debug|x86.Build.0 = Debug|Win32
		{AA9BB0CC-AE68-4C2C-B931-F340176E5F74}.Release|x64.ActiveCfg = Release|x64
		{AA9BB0CC-AE68-4C2C-B931-F340176E5F74}.Release|x64.Build.0 = Release|x64
		{AA9BB0CC-AE68-4C2C-B931-F340176E5F74}.Release|x86.ActiveCfg = Release|Win32
		{AA9BB0CC-AE68-4C2C-B931-F340176E5F74}.Release|x86.Build.0 = Release|Win32
		{EE65E55C-A299-495A-B598-C52B81526CD5}.Debug|x64.ActiveCfg = Debug|x64
		{EE65E55C-A299-495A-B598-C52B81526CD5}.Debug|x64.Build.0 = Debug|x64
		{EE65E55C-A299-495A-B598-C52B81526CD5}.Debug|x86.ActiveCfg = Debug|Win32
		{EE65E55C-A299-495A-B598-C52B81526CD5}.Debug|x86.Build.0 = Debug|Win32
		{EE65E55C-A299-495A-B598-C52B81526CD5}.Release|x64.ActiveCfg = Release|x64
		{EE65E55C-A299-495A-B598-C52B81526CD5}.Release|x64.Build.0 = Release|x64
		{EE65E55C-A299-495A-B598-C52B81526CD5}.Release|x86.ActiveCfg = Release|Win32
		{EE65E55C-A299-495A-B598-C52B81526CD5}.Release|x86.Build.0 = Release|Win32
		{CCE20894-C4C7-4396-8CEB-28AD836C264C}.Debug|x64.ActiveCfg = Debug|x64
		{CCE20894-C4C7-4396-8CEB-28AD836C264C}.Debug|x64.Build.0 = Debug|x64
		{CCE20894-C4C7-4396-8CEB-28AD836C264C}.Debug|x86.ActiveCfg = Debug|Win32
		{CCE20894-C4C7-4396-8CEB-28AD836C264C}.Debug|x86.Build.0 = Debug|Win32
		{CCE20894-C4C7-4396-8CEB-28AD836C264C}.Release|x64.ActiveCfg = Release|x64
		{CCE20894-C4C7-4396-8CEB-28AD836C264C}.Release|x64.Build.0 = Release|x64
		{CCE20894-C4C7-4396-8CEB-28AD836C264C}.Release|x86.ActiveCfg = Release|Win32
		{CCE20894-C4C7-4396-8CEB-28AD836C264C}.Release|x86.Build.0 = Release|Win32
		{DFF3C588-8CEB-482F-8EC1-5BC039B06BBD}.Debug|x64.ActiveCfg = Debug|x64
		{DFF3C588-8CEB-482F-8EC1-5BC039B06BBD}.Debug|x64.Build.0 = Debug|x64
		{DFF3C588-8CEB-482F-8EC1-5BC039B06BBD}.Debug|x86.ActiveCfg = Debug|Win32
		{DFF3C588-8CEB-482F-8EC1-5BC039B06BBD}.Debug|x86.Build.0 = Debug|Win32
		{DFF3C588-8CEB-482F-8EC1-5BC039B06BBD}.Release|x64.ActiveCfg = Release|x64
		{DFF3C588-8CEB-482F-8EC1-5BC039B06BBD}.Release|x64.Build.0 = Release|x64
		{DFF3C588-8CEB-482F-8EC1-5BC039B06BBD}.Release|x86.ActiveCfg = Release|Win32
		{DFF3C588-8CEB-482F-8EC1-5BC039B06BBD}.Release|x86.Build.0 = Release|Win32
		{8DBC6F77-A3BC-4B9D-AC8E-2A6325D8B7E3}.Debug|x64.ActiveCfg = Debug|x64
		{8DBC6F77-A3BC-4B9D-AC8E-2A6325D8B7E3}.Debug|x64.Build.0 = Debug|x64
		{8DBC6F77-A3BC-4B9D-AC8E-2A6325D8B7E3}.Debug|x86.ActiveCfg = Debug|Win32
		{8DBC6F77-A3BC-4B9D-AC8E-2A6325D8B7E3}.Debug|x86.Build.0 = Debug|Win32
		{8DBC6F77-A3BC-4B9D-AC8E-2A6325D8B7E3}.Release|x64.ActiveCfg = Release|x64
		{8DBC6F77-A3BC-4B9D-AC8E-2A6325D8B7E3}.Release|x64.Build.0 = Release|x64
		{8DBC6F77-A3BC-4B9D-AC8E-2A6325D8B7E3}.Release|x86.ActiveCfg = Release|Win32
		{8DBC6F77-A3BC-4B9D-AC8E-2A6325D8B7E3}.Release|x86.Build.0 = Release|Win32
		{D729D7D7-5AD1-4DE2-9089-24C06FB6C1A8}.Debug|x64.ActiveCfg = Debug|x64
		{D729D7D7-5AD1-4DE2-9089-24C06FB6C1A8}.Debug|x64.Build.0 = Debug|x64
		{D729D7D7-5AD1-4DE2-9089-24C06FB6C1A8}.Debug|x86.ActiveCfg = Debug|Win32
		{D729D7D7-5AD1-4DE2-9089-24C06FB6C1A8}.Debug|x86.Build.0 = Debug|Win32
		{D729D7D7-5AD1-4DE2-9089-24C06FB6C1A8}.Release|x64.ActiveCfg = Release|x64
		{D729D7D7-5AD1-4DE2-9089-24C06FB6C1A8}.Release|x64.Build.0 = Release|x64
		{D729D7D7-5AD1-4DE2-9089-24C06FB6C1A8}.Release|x86.ActiveCfg = Release|Win32
		{D729D7D7-5AD1-4DE2-9089-24C06FB6C1A8}.Release|x86.Build.0 = Release|Win32
		{A7F022C4-3E2C-48F1-AD2C-F822FCDC0DA5}.Debug|x64.ActiveCfg = Debug|x64
		{A7F022C4-3E2C-48F1-AD2C-F822FCDC0DA5}.Debug|x64.Build.0 = Debug|x64
		{A7F022C4-3E2C-48F1-AD2C-F822FCDC0DA5}.Debug|x86.ActiveCfg = Debug|Win32
		{A7F022C4-3E2C-48F1-AD2C-F822FCDC0DA5}.Debug|x86.Build.0 = Debug|Win32
		{A7F022C4-3E2C-48F1-AD2C-F822FCDC0DA5}.Release|x64.ActiveCfg = Release|x64
		{A7F022C4-3E2C-48F1-AD2C-F822FCDC0DA5}.Release|x64.Build.0 = Release|x64
		{A7F022C4-3E2C-48F1-AD2C-F822FCDC0DA5}.Release|x86.ActiveCfg = Release|Win32
		{A7F022C4-3E2C-48F1-AD2C-F822FCDC0DA5}.Release|x86.Build.0 = Release|Win32
		{B9286436-B245-481A-9BA9-A081D7FDF452}.Debug|x64.ActiveCfg = Debug|x64
		{B9286436-B245-481A-9BA9-A081D7FDF452}.Debug|x64.Build.0 = Debug|x64
		{B9286436-B245-481A-9BA9-A081D7FDF452}.Debug|x86.ActiveCfg = Debug|Win32
		{B9286436-B245-481A-9BA9-A081D7FDF452}.Debug|x86.Build.0 = Debug|Win32
		{B9286436-B245-481A-9BA9-A081D7FDF452}.Release|x64.ActiveCfg = Release|x64
		{B9286436-B245-481A-9BA9-A081D7FDF452}.Release|x64.Build.0 = Release|x64
		{B9286436-B245-481A-9BA9-A081D7FDF452}.Release|x86.ActiveCfg = Release|Win32
		{B9286436-B245-481A-9BA9-A081D7FDF452}.Release|x86.Build.0 = Release|Win32
		{96E841BD-255E-44D2-B9B2-FC7AD29DEC57}.Debug|x64.ActiveCfg = Debug|x64
		{96E841BD-255E-44D2-B9B2-FC7AD29DEC57}.Debug|x64.Build.0 = Debug|x64
		{96E841BD-255E-44D2-B9B2-FC7AD29DEC57}.Debug|x86.ActiveCfg = Debug|Win32
		{96E841BD-255E-44D2-B9B2-FC7AD29DEC57}.Debug|x86.Build.0 = Debug|Win32
		{96E841BD-255E-44D2-B9B2-FC7AD29DEC57}.Release|x64.ActiveCfg = Release|x64
		{96E841BD-255E-44D2-B9B2-FC7AD29DEC57}.Release|x64.Build.0 = Release|x64
		{96E841BD-255E-44D2-B9B2-FC7AD29DEC57}.Release|x86.ActiveCfg = Release|Win32
		{96E841BD-255E-44D2-B9B2-FC7AD29DEC57}.Release|x86.Build.0 = Release|Win32
		{4316DA0F-062B-44F8-9747-C7F56B4F45A6}.Debug|x64.ActiveCfg = Debug|x64
		{4316DA0F-062B-44F8-9747-C7F56B4F45A6}.Debug|x64.Build.0 = Debug|x64
		{4316DA0F-062B-44F8-9747-C7F56B4F45A6}.Debug|x86.ActiveCfg = Debug|Win32
		{4316DA0F-062B-44F8-9747-C7F56B4F45A6}.Debug|x86.Build.0 = Debug|Win32
		{4316DA0F-062B-44F8-9747-C7F56B4F45A6}.Release|x64.ActiveCfg = Release|x64
		{4316DA0F-062B-44F8-9747-C7F56B4F45A6}.Release|x64.Build.0 = Release|x64
		{4316DA0F-062B-44F8-9747-C7F56B4F45A6}.Release|x86.ActiveCfg = Release|Win32
		{4316DA0F-062B-44F8-9747-C7F56B4F45A6}.Release|x86.Build.0 = Release|Win32
	EndGlobalSection
	GlobalSection(SolutionProperties) = preSolution
		HideSolutionNode = FALSE
	EndGlobalSection
	GlobalSection(ExtensibilityGlobals) = postSolution
		SolutionGuid = {477EC4B3-F087-4CC0-98C7-79D43BF93163}
	EndGlobalSection
EndGlobal
