
Microsoft Visual Studio Solution File, Format Version 12.00
# Visual Studio 15
VisualStudioVersion = 15.0.28307.421
MinimumVisualStudioVersion = 10.0.40219.1
Project("{8BC9CEB8-8B4A-11D0-8D11-00A0C91BC942}") = "1000", "1000\1000.vcxproj", "{35A5FE9C-505C-42D8-B9CD-D5373235C8AE}"
EndProject
Project("{8BC9CEB8-8B4A-11D0-8D11-00A0C91BC942}") = "10998", "10998\10998.vcxproj", "{AA9BB0CC-AE68-4C2C-B931-F340176E5F74}"
EndProject
Project("{8BC9CEB8-8B4A-11D0-8D11-00A0C91BC942}") = "1008", "1008\1008.vcxproj", "{EE65E55C-A299-495A-B598-C52B81526CD5}"
EndProject
Project("{8BC9CEB8-8B4A-11D0-8D11-00A0C91BC942}") = "10869", "10869\10869.vcxproj", "{CCE20894-C4C7-4396-8CEB-28AD836C264C}"
EndProject
Project("{8BC9CEB8-8B4A-11D0-8D11-00A0C91BC942}") = "10430", "10430\10430.vcxproj", "{DFF3C588-8CEB-482F-8EC1-5BC039B06BBD}"
EndProject
Project("{8BC9CEB8-8B4A-11D0-8D11-00A0C91BC942}") = "2558", "2558\2558.vcxproj", "{8DBC6F77-A3BC-4B9D-AC8E-2A6325D8B7E3}"
EndProject
Project("{8BC9CEB8-8B4A-11D0-8D11-00A0C91BC942}") = "2588", "2588\2588.vcxproj", "{D729D7D7-5AD1-4DE2-9089-24C06FB6C1A8}"
EndProject
Project("{8BC9CEB8-8B4A-11D0-8D11-00A0C91BC942}") = "3046", "3046\3046.vcxproj", "{A7F022C4-3E2C-48F1-AD2C-F822FCDC0DA5}"
EndProject
Project("{8BC9CEB8-8B4A-11D0-8D11-00A0C91BC942}") = "2163", "2163\2163.vcxproj", "{B9286436-B245-481A-9BA9-A081D7FDF452}"
EndProject
Project("{8BC9CEB8-8B4A-11D0-8D11-00A0C91BC942}") = "11021", "11021\11021.vcxproj", "{96E841BD-255E-44D2-B9B2-FC7AD29DEC57}"
EndProject
Project("{8BC9CEB8-8B4A-11D0-8D11-00A0C91BC942}") = "11022", "11022\11022.vcxproj", "{4316DA0F-062B-44F8-9747-C7F56B4F45A6}"
EndProject
Project("{8BC9CEB8-8B4A-11D0-8D11-00A0C91BC942}") = "10699", "10699\10699.vcxproj", "{B0973521-ADE6-4530-9A0C-F7F154B4D671}"
EndProject
Project("{8BC9CEB8-8B4A-11D0-8D11-00A0C91BC942}") = "7287", "7287\7287.vcxproj", "{C6BD2D39-D701-4257-83B5-E59A1489E764}"
EndProject
Project("{8BC9CEB8-8B4A-11D0-8D11-00A0C91BC942}") = "2525", "2525\2525.vcxproj", "{83AE11C5-C373-424B-B8D6-1F448BDB7BE0}"
EndProject
Project("{8BC9CEB8-8B4A-11D0-8D11-00A0C91BC942}") = "2530", "2530\2530.vcxproj", "{26CB4D17-BC37-40E9-A0BC-702073945461}"
EndProject
Project("{8BC9CEB8-8B4A-11D0-8D11-00A0C91BC942}") = "2914", "2914\2914.vcxproj", "{44655952-29EF-4180-861A-E0470E068A38}"
EndProject
Project("{8BC9CEB8-8B4A-11D0-8D11-00A0C91BC942}") = "5355", "5355\5355.vcxproj", "{509ECE81-A33C-4757-9BA4-0D5D0F1DEC51}"
EndProject
Project("{8BC9CEB8-8B4A-11D0-8D11-00A0C91BC942}") = "2675", "2675\2675.vcxproj", "{8C98B3E6-2DF9-4D43-BDEA-C519B6EB7DD7}"
EndProject
Project("{8BC9CEB8-8B4A-11D0-8D11-00A0C91BC942}") = "2935", "2935\2935.vcxproj", "{961D9019-C78A-468D-AA5C-24CA0EC193F8}"
EndProject
Project("{8BC9CEB8-8B4A-11D0-8D11-00A0C91BC942}") = "example", "example\example.vcxproj", "{D3C97380-C5C9-43C0-AFE7-B9EA3262E3B5}"
EndProject
Project("{8BC9CEB8-8B4A-11D0-8D11-00A0C91BC942}") = "9498", "9498\9498.vcxproj", "{3BE38311-3805-4865-9204-C11AA87BCE1A}"
EndProject
Project("{8BC9CEB8-8B4A-11D0-8D11-00A0C91BC942}") = "10817", "10817\10817.vcxproj", "{D4F311B8-B61E-45FC-83CC-91F64AF72109}"
EndProject
Project("{8BC9CEB8-8B4A-11D0-8D11-00A0C91BC942}") = "11653", "11653\11653.vcxproj", "{3174173C-6543-49D6-828D-D8DE57A8A4B8}"
EndProject
Project("{8BC9CEB8-8B4A-11D0-8D11-00A0C91BC942}") = "1789", "1789\1789.vcxproj", "{4E3C0039-FB8D-4999-8ACF-687157E07AE2}"
EndProject
Project("{8BC9CEB8-8B4A-11D0-8D11-00A0C91BC942}") = "2753", "2753\2753.vcxproj", "{624DB928-CAD2-4000-A96E-B3EC77997E7C}"
EndProject
Project("{8BC9CEB8-8B4A-11D0-8D11-00A0C91BC942}") = "10039", "10039\10039.vcxproj", "{9ECC22CE-CB60-41F1-B689-A628E3DDB093}"
EndProject
Project("{8BC9CEB8-8B4A-11D0-8D11-00A0C91BC942}") = "1934", "1934\1934.vcxproj", "{618D183A-2F40-4F26-8782-7CB9E98A5195}"
EndProject
Project("{8BC9CEB8-8B4A-11D0-8D11-00A0C91BC942}") = "2480", "2480\2480.vcxproj", "{0EA482E0-03A8-4E07-BF5C-46515217163E}"
EndProject
Project("{8BC9CEB8-8B4A-11D0-8D11-00A0C91BC942}") = "4101", "4101\4101.vcxproj", "{0C1DEA8C-0C62-4F2C-B292-2B457ECF1236}"
EndProject
Project("{8BC9CEB8-8B4A-11D0-8D11-00A0C91BC942}") = "10156", "10156\10156.vcxproj", "{27943A14-205E-46DD-AC1F-E84C49D1CB35}"
EndProject
Project("{8BC9CEB8-8B4A-11D0-8D11-00A0C91BC942}") = "3009", "3009\3009.vcxproj", "{D44170D6-EEFF-4592-9562-105CAB50B2BA}"
EndProject
Project("{8BC9CEB8-8B4A-11D0-8D11-00A0C91BC942}") = "2476", "2476\2476.vcxproj", "{BBB1D8F5-F63F-4417-BD5F-3C7CF03EFF92}"
EndProject
Project("{8BC9CEB8-8B4A-11D0-8D11-00A0C91BC942}") = "2754", "2754\2754.vcxproj", "{FEF07047-2CEE-44C0-8E13-48206B0234C7}"
EndProject
Project("{8BC9CEB8-8B4A-11D0-8D11-00A0C91BC942}") = "2884", "2884\2884.vcxproj", "{CDE1EABE-EB94-440D-80F2-E935A912762C}"
EndProject
Project("{8BC9CEB8-8B4A-11D0-8D11-00A0C91BC942}") = "7567", "7567\7567.vcxproj", "{8EA0095C-BA55-4416-B1D3-45032C698196}"
EndProject
Project("{8BC9CEB8-8B4A-11D0-8D11-00A0C91BC942}") = "5063", "5063\5063.vcxproj", "{17FCD95A-EA46-481D-B8AC-F16A227DFCA1}"
EndProject
Project("{8BC9CEB8-8B4A-11D0-8D11-00A0C91BC942}") = "10102", "10102\10102.vcxproj", "{E151788E-7551-481D-A657-D03FE7AEEE7A}"
EndProject
Project("{8BC9CEB8-8B4A-11D0-8D11-00A0C91BC942}") = "10886", "10886\10886.vcxproj", "{B23AEA3A-B0F4-4305-AFD8-33E9C49028D4}"
EndProject
Project("{8BC9CEB8-8B4A-11D0-8D11-00A0C91BC942}") = "10988", "10988\10988.vcxproj", "{576684D0-DD02-47AB-9CFE-F0A6FF57C71E}"
EndProject
Project("{8BC9CEB8-8B4A-11D0-8D11-00A0C91BC942}") = "5086", "5086\5086.vcxproj", "{B86FBA1A-5BBE-47C4-932E-39AA9D734F02}"
EndProject
Project("{8BC9CEB8-8B4A-11D0-8D11-00A0C91BC942}") = "5717", "5717\5717.vcxproj", "{7837B34E-9969-4A0A-AE5E-F33E66B596E8}"
EndProject
Project("{8BC9CEB8-8B4A-11D0-8D11-00A0C91BC942}") = "9610", "9610\9610.vcxproj", "{0A40A78D-B0F2-49F0-BC10-99AA5F94EBA6}"
EndProject
Project("{8BC9CEB8-8B4A-11D0-8D11-00A0C91BC942}") = "8958", "8958\8958.vcxproj", "{20B7F6A9-508D-4669-8A17-2B99F5D32580}"
EndProject
Project("{8BC9CEB8-8B4A-11D0-8D11-00A0C91BC942}") = "9506", "9506\9506.vcxproj", "{50CA9F90-E518-405D-9637-6C51EBB30509}"
EndProject
Project("{8BC9CEB8-8B4A-11D0-8D11-00A0C91BC942}") = "10162", "10162\10162.vcxproj", "{9892F4FD-3A76-44DE-9387-5A63E54D8E8E}"
EndProject
Project("{8BC9CEB8-8B4A-11D0-8D11-00A0C91BC942}") = "10103", "10103\10103.vcxproj", "{79E978D6-0D5C-49C2-AB25-E5AC77D54FCE}"
EndProject
Project("{8BC9CEB8-8B4A-11D0-8D11-00A0C91BC942}") = "10214", "10214\10214.vcxproj", "{DED0EC5D-D90B-473F-B5EA-96689AFA9595}"
EndProject
Project("{8BC9CEB8-8B4A-11D0-8D11-00A0C91BC942}") = "11557", "11557\11557.vcxproj", "{3A744B39-5444-450A-AEB7-F07ACDA61C33}"
EndProject
Project("{8BC9CEB8-8B4A-11D0-8D11-00A0C91BC942}") = "1977", "1977\1977.vcxproj", "{EC1DA6DD-6DE2-4B1E-A029-37ADE9F9CC92}"
EndProject
Project("{8BC9CEB8-8B4A-11D0-8D11-00A0C91BC942}") = "11098", "11098\11098.vcxproj", "{479CCDD6-6506-4CE4-BB1D-222A7DBB5605}"
EndProject
Project("{8BC9CEB8-8B4A-11D0-8D11-00A0C91BC942}") = "5635", "5635\5635.vcxproj", "{5D6BD47F-D08A-4C76-A414-D30FD313B61C}"
EndProject
Project("{8BC9CEB8-8B4A-11D0-8D11-00A0C91BC942}") = "1408", "1408\1408.vcxproj", "{F051AC0E-C593-4463-BA7C-286AF06976EB}"
EndProject
Project("{8BC9CEB8-8B4A-11D0-8D11-00A0C91BC942}") = "2742", "2742\2742.vcxproj", "{01A865F5-2FE4-4A62-8760-9F650FD12987}"
EndProject
Project("{8BC9CEB8-8B4A-11D0-8D11-00A0C91BC942}") = "2739", "2739\2739.vcxproj", "{BDE52F5A-FD3C-4A56-B14A-EBFD2CDDDAFF}"
EndProject
Project("{8BC9CEB8-8B4A-11D0-8D11-00A0C91BC942}") = "2438", "2438\2438.vcxproj", "{7EF05104-2D1D-428F-97CB-6BA7CB8836A3}"
EndProject
Project("{8BC9CEB8-8B4A-11D0-8D11-00A0C91BC942}") = "2439", "2439\2439.vcxproj", "{925DEBEF-33AE-4298-98A4-3F5D1B393E73}"
EndProject
Project("{8BC9CEB8-8B4A-11D0-8D11-00A0C91BC942}") = "2440", "2440\2440.vcxproj", "{E9B43BB7-EE05-400E-808C-A7F28B8DF696}"
EndProject
Project("{8BC9CEB8-8B4A-11D0-8D11-00A0C91BC942}") = "2441", "2441\2441.vcxproj", "{2FAD3E94-B1F4-4D58-ABB4-875EF80ACC71}"
EndProject
Project("{8BC9CEB8-8B4A-11D0-8D11-00A0C91BC942}") = "8393", "8393\8393.vcxproj", "{8CAD46E3-8E94-4E7A-ABF3-716828A47E64}"
EndProject
Project("{8BC9CEB8-8B4A-11D0-8D11-00A0C91BC942}") = "2609", "2609\2609.vcxproj", "{8CAFF6E8-BEB7-43B0-9FCB-95EB0BA56A61}"
EndProject
Project("{8BC9CEB8-8B4A-11D0-8D11-00A0C91BC942}") = "2748", "2748\2748.vcxproj", "{B16EBB85-34A1-4F2B-9FB0-E7A8BE0A5CCD}"
EndProject
Project("{8BC9CEB8-8B4A-11D0-8D11-00A0C91BC942}") = "5565", "5565\5565.vcxproj", "{C28EFD3D-546D-4D37-8315-61F10A650168}"
EndProject
Project("{8BC9CEB8-8B4A-11D0-8D11-00A0C91BC942}") = "10950", "10950\10950.vcxproj", "{4E549A1E-B556-4F5E-9D85-605C516AB6ED}"
EndProject
Project("{8BC9CEB8-8B4A-11D0-8D11-00A0C91BC942}") = "10952", "10952\10952.vcxproj", "{F5399EE3-CDEA-4E15-A4C7-87D9EA368846}"
EndProject
Project("{8BC9CEB8-8B4A-11D0-8D11-00A0C91BC942}") = "10984", "10984\10984.vcxproj", "{8AC0AAC6-14A7-4D28-91B9-64C2D3EF3D23}"
EndProject
Project("{8BC9CEB8-8B4A-11D0-8D11-00A0C91BC942}") = "10833", "10833\10833.vcxproj", "{1B2F0A49-892D-40E1-9519-F8CA885E7304}"
EndProject
Project("{8BC9CEB8-8B4A-11D0-8D11-00A0C91BC942}") = "2442", "2442\2442.vcxproj", "{C7AF2A68-A8FA-4C45-B586-C89C08DBA5AB}"
EndProject
Project("{8BC9CEB8-8B4A-11D0-8D11-00A0C91BC942}") = "2443", "2443\2443.vcxproj", "{34A5283D-1738-4613-A030-FAD520279526}"
EndProject
Project("{8BC9CEB8-8B4A-11D0-8D11-00A0C91BC942}") = "2444", "2444\2444.vcxproj", "{A05D28A8-E5E4-4491-98C0-B1CCCFF7C40C}"
EndProject
Project("{8BC9CEB8-8B4A-11D0-8D11-00A0C91BC942}") = "2522", "2522\2522.vcxproj", "{7A8D9391-15CB-4877-B925-288E58ACF0B3}"
EndProject
Project("{8BC9CEB8-8B4A-11D0-8D11-00A0C91BC942}") = "2523", "2523\2523.vcxproj", "{062293EB-6813-477B-B520-9CB9D0A2F7DA}"
EndProject
Project("{8BC9CEB8-8B4A-11D0-8D11-00A0C91BC942}") = "2445", "2445\2445.vcxproj", "{A7640FE6-39AD-4E38-9009-06DE674E03E3}"
EndProject
Project("{8BC9CEB8-8B4A-11D0-8D11-00A0C91BC942}") = "2446", "2446\2446.vcxproj", "{CAAAF73F-C290-407A-810F-229D9DA0003B}"
EndProject
Project("{8BC9CEB8-8B4A-11D0-8D11-00A0C91BC942}") = "2010", "2010\2010.vcxproj", "{4A5FACCF-EA38-4093-A2F0-3E80FEF851D8}"
EndProject
Project("{8BC9CEB8-8B4A-11D0-8D11-00A0C91BC942}") = "2921", "2921\2921.vcxproj", "{3897A545-20FE-43C5-9A11-A21AA48955B5}"
EndProject
Project("{8BC9CEB8-8B4A-11D0-8D11-00A0C91BC942}") = "9325", "9325\9325.vcxproj", "{458F2CAB-3E6F-4738-83AD-80AFF0F6B140}"
EndProject
Project("{8BC9CEB8-8B4A-11D0-8D11-00A0C91BC942}") = "5522", "5522\5522.vcxproj", "{E81DF55A-A362-4480-A595-9ADB104F6C12}"
EndProject
Project("{8BC9CEB8-8B4A-11D0-8D11-00A0C91BC942}") = "10178", "10178\10178.vcxproj", "{7DA6E063-90A6-4098-B866-1651993AC235}"
EndProject
Project("{8BC9CEB8-8B4A-11D0-8D11-00A0C91BC942}") = "9295", "9295\9295.vcxproj", "{B7E42E64-C874-413F-AA5A-8B0B28357BCD}"
EndProject
Project("{8BC9CEB8-8B4A-11D0-8D11-00A0C91BC942}") = "10569", "10569\10569.vcxproj", "{7D9A5536-AE4D-4EE1-93FF-FBC5F912A20C}"
EndProject
Project("{8BC9CEB8-8B4A-11D0-8D11-00A0C91BC942}") = "10995", "10995\10995.vcxproj", "{84C20D1C-FCB2-4A79-8C4F-71FD07D59FDF}"
EndProject
Project("{8BC9CEB8-8B4A-11D0-8D11-00A0C91BC942}") = "10991", "10991\10991.vcxproj", "{07E081C2-D274-45ED-829A-ECDE2A6DDD4B}"
EndProject
Project("{8BC9CEB8-8B4A-11D0-8D11-00A0C91BC942}") = "10871", "10871\10871.vcxproj", "{441AF2B4-869A-4677-AAC3-BC445E9C3EB4}"
EndProject
Project("{8BC9CEB8-8B4A-11D0-8D11-00A0C91BC942}") = "10872", "10872\10872.vcxproj", "{6348411A-BDA4-46FB-A11D-E4D646C118BD}"
EndProject
Project("{8BC9CEB8-8B4A-11D0-8D11-00A0C91BC942}") = "1978", "1978\1978.vcxproj", "{EFC2D250-3DB5-4AE7-BDEF-C0DD7826163A}"
EndProject
Project("{8BC9CEB8-8B4A-11D0-8D11-00A0C91BC942}") = "2581", "2581\2581.vcxproj", "{7E07E9A7-0CF3-43FC-9439-56BF1568F4BE}"
EndProject
Project("{8BC9CEB8-8B4A-11D0-8D11-00A0C91BC942}") = "2501", "2501\2501.vcxproj", "{147FF22B-6ADF-4C06-BF61-83FD4D31546D}"
EndProject
Project("{8BC9CEB8-8B4A-11D0-8D11-00A0C91BC942}") = "2562", "2562\2562.vcxproj", "{BD16B2F8-6FB1-4669-898F-ABFBFC054B7C}"
EndProject
Project("{8BC9CEB8-8B4A-11D0-8D11-00A0C91BC942}") = "2475", "2475\2475.vcxproj", "{0B623B65-2D84-46E5-BD4A-B771B6643F9C}"
EndProject
Project("{8BC9CEB8-8B4A-11D0-8D11-00A0C91BC942}") = "2747", "2747\2747.vcxproj", "{4A4D220B-BDAC-4CFE-B0D5-334F1AF0BF7A}"
EndProject
Project("{8BC9CEB8-8B4A-11D0-8D11-00A0C91BC942}") = "2576", "2576\2576.vcxproj", "{BDD7E144-3412-438E-B97D-DBE65D78CDB2}"
EndProject
Project("{8BC9CEB8-8B4A-11D0-8D11-00A0C91BC942}") = "9085", "9085\9085.vcxproj", "{ADD08994-67FF-4B0A-A928-D5693C2A5A02}"
EndProject
Project("{8BC9CEB8-8B4A-11D0-8D11-00A0C91BC942}") = "2490", "2490\2490.vcxproj", "{699F05CC-8FC4-4AC6-9F1D-3CB4AB6806CB}"
EndProject
Project("{8BC9CEB8-8B4A-11D0-8D11-00A0C91BC942}") = "10797", "10797\10797.vcxproj", "{F0D75053-C94E-4FE2-9849-D4AFB0BBFE29}"
EndProject
Project("{8BC9CEB8-8B4A-11D0-8D11-00A0C91BC942}") = "2506", "2506\2506.vcxproj", "{6B8AE7D3-7580-4BAD-B477-5121BABB524A}"
EndProject
Project("{8BC9CEB8-8B4A-11D0-8D11-00A0C91BC942}") = "1546", "1546\1546.vcxproj", "{0107F67D-9438-4997-9253-5DFADFDEE130}"
EndProject
Project("{8BC9CEB8-8B4A-11D0-8D11-00A0C91BC942}") = "2455", "2455\2455.vcxproj", "{FF3766A0-7897-4D1E-818F-D5A520B0D488}"
EndProject
Project("{8BC9CEB8-8B4A-11D0-8D11-00A0C91BC942}") = "2908", "2908\2908.vcxproj", "{524C23D4-C655-43F1-B29F-5017E57AAD2D}"
EndProject
Project("{8BC9CEB8-8B4A-11D0-8D11-00A0C91BC942}") = "2460", "2460\2460.vcxproj", "{CD3F5D79-3625-4A1A-89F9-B0D2AF41A973}"
EndProject
Project("{8BC9CEB8-8B4A-11D0-8D11-00A0C91BC942}") = "2577", "2577\2577.vcxproj", "{5F39260C-9ED6-4766-9AA1-B2A0E6ADB709}"
EndProject
Project("{8BC9CEB8-8B4A-11D0-8D11-00A0C91BC942}") = "2592", "2592\2592.vcxproj", "{BC1894EE-A36F-46DE-9882-96E1E3593BC7}"
EndProject
Project("{8BC9CEB8-8B4A-11D0-8D11-00A0C91BC942}") = "2711", "2711\2711.vcxproj", "{8A20E24D-FB9C-49F4-84E2-F8BBD183FF93}"
EndProject
Project("{8BC9CEB8-8B4A-11D0-8D11-00A0C91BC942}") = "2953", "2953\2953.vcxproj", "{E017CB85-B2A2-4FED-80E8-ABF09F36502B}"
EndProject
Project("{8BC9CEB8-8B4A-11D0-8D11-00A0C91BC942}") = "3052", "3052\3052.vcxproj", "{42B145F4-0585-4887-A04F-C7B4CC2EB033}"
EndProject
Project("{8BC9CEB8-8B4A-11D0-8D11-00A0C91BC942}") = "1292", "1292\1292.vcxproj", "{9487FCFC-75A1-4FE6-860B-2B09013380C1}"
EndProject
Project("{8BC9CEB8-8B4A-11D0-8D11-00A0C91BC942}") = "3460", "3460\3460.vcxproj", "{43421DC7-C7FA-441E-8341-06872899051B}"
EndProject
Project("{8BC9CEB8-8B4A-11D0-8D11-00A0C91BC942}") = "10807", "10807\10807.vcxproj", "{2C4FFE0E-0231-48DD-B19C-A43EE24FF3E9}"
EndProject
Project("{8BC9CEB8-8B4A-11D0-8D11-00A0C91BC942}") = "10818", "10818\10818.vcxproj", "{582F1C5C-05F9-4AE5-8D6E-A1AC1910460E}"
EndProject
Project("{8BC9CEB8-8B4A-11D0-8D11-00A0C91BC942}") = "5054", "5054\5054.vcxproj", "{BA031D86-4FA3-401E-ACB5-C000EF18FD7E}"
EndProject
Project("{8BC9CEB8-8B4A-11D0-8D11-00A0C91BC942}") = "2822", "2822\2822.vcxproj", "{75E5EB7C-31B4-4D58-91F4-99F5C2E249B4}"
EndProject
Project("{8BC9CEB8-8B4A-11D0-8D11-00A0C91BC942}") = "2750", "2750\2750.vcxproj", "{388FF346-AEB6-4422-8AB5-AC3FBB468030}"
EndProject
Project("{8BC9CEB8-8B4A-11D0-8D11-00A0C91BC942}") = "2752", "2752\2752.vcxproj", "{36BC0D2E-DD01-4BEA-B37C-EFBB7F963717}"
EndProject
Project("{8BC9CEB8-8B4A-11D0-8D11-00A0C91BC942}") = "1037", "1037\1037.vcxproj", "{722E8CBA-2A4C-4B8F-B006-CE7D7F60713F}"
EndProject
Project("{8BC9CEB8-8B4A-11D0-8D11-00A0C91BC942}") = "5543", "5543\5543.vcxproj", "{E773B6F2-3635-4F6E-894E-3ED812FA92CA}"
EndProject
Project("{8BC9CEB8-8B4A-11D0-8D11-00A0C91BC942}") = "2587", "2587\2587.vcxproj", "{3C3A261E-55AD-4069-82CD-EE6C015745F3}"
EndProject
Project("{8BC9CEB8-8B4A-11D0-8D11-00A0C91BC942}") = "1427", "1427\1427.vcxproj", "{D6AE258D-CAEA-433F-983D-B877933A801A}"
EndProject
Project("{8BC9CEB8-8B4A-11D0-8D11-00A0C91BC942}") = "2309", "2309\2309.vcxproj", "{FC8E7A23-4B19-484D-AFD6-4C19F3367D76}"
EndProject
Project("{8BC9CEB8-8B4A-11D0-8D11-00A0C91BC942}") = "9076", "9076\9076.vcxproj", "{C2B11384-787F-4A87-9050-87A8B30325AE}"
EndProject
Project("{8BC9CEB8-8B4A-11D0-8D11-00A0C91BC942}") = "2693", "2693\2693.vcxproj", "{D77BF41A-242C-480B-9264-1A500503A810}"
EndProject
Global
	GlobalSection(SolutionConfigurationPlatforms) = preSolution
		Debug|x64 = Debug|x64
		Debug|x86 = Debug|x86
		Release|x64 = Release|x64
		Release|x86 = Release|x86
	EndGlobalSection
	GlobalSection(ProjectConfigurationPlatforms) = postSolution
		{35A5FE9C-505C-42D8-B9CD-D5373235C8AE}.Debug|x64.ActiveCfg = Debug|x64
		{35A5FE9C-505C-42D8-B9CD-D5373235C8AE}.Debug|x64.Build.0 = Debug|x64
		{35A5FE9C-505C-42D8-B9CD-D5373235C8AE}.Debug|x86.ActiveCfg = Debug|Win32
		{35A5FE9C-505C-42D8-B9CD-D5373235C8AE}.Debug|x86.Build.0 = Debug|Win32
		{35A5FE9C-505C-42D8-B9CD-D5373235C8AE}.Release|x64.ActiveCfg = Release|x64
		{35A5FE9C-505C-42D8-B9CD-D5373235C8AE}.Release|x64.Build.0 = Release|x64
		{35A5FE9C-505C-42D8-B9CD-D5373235C8AE}.Release|x86.ActiveCfg = Release|Win32
		{35A5FE9C-505C-42D8-B9CD-D5373235C8AE}.Release|x86.Build.0 = Release|Win32
		{AA9BB0CC-AE68-4C2C-B931-F340176E5F74}.Debug|x64.ActiveCfg = Debug|x64
		{AA9BB0CC-AE68-4C2C-B931-F340176E5F74}.Debug|x64.Build.0 = Debug|x64
		{AA9BB0CC-AE68-4C2C-B931-F340176E5F74}.Debug|x86.ActiveCfg = Debug|Win32
		{AA9BB0CC-AE68-4C2C-B931-F340176E5F74}.Debug|x86.Build.0 = Debug|Win32
		{AA9BB0CC-AE68-4C2C-B931-F340176E5F74}.Release|x64.ActiveCfg = Release|x64
		{AA9BB0CC-AE68-4C2C-B931-F340176E5F74}.Release|x64.Build.0 = Release|x64
		{AA9BB0CC-AE68-4C2C-B931-F340176E5F74}.Release|x86.ActiveCfg = Release|Win32
		{AA9BB0CC-AE68-4C2C-B931-F340176E5F74}.Release|x86.Build.0 = Release|Win32
		{EE65E55C-A299-495A-B598-C52B81526CD5}.Debug|x64.ActiveCfg = Debug|x64
		{EE65E55C-A299-495A-B598-C52B81526CD5}.Debug|x64.Build.0 = Debug|x64
		{EE65E55C-A299-495A-B598-C52B81526CD5}.Debug|x86.ActiveCfg = Debug|Win32
		{EE65E55C-A299-495A-B598-C52B81526CD5}.Debug|x86.Build.0 = Debug|Win32
		{EE65E55C-A299-495A-B598-C52B81526CD5}.Release|x64.ActiveCfg = Release|x64
		{EE65E55C-A299-495A-B598-C52B81526CD5}.Release|x64.Build.0 = Release|x64
		{EE65E55C-A299-495A-B598-C52B81526CD5}.Release|x86.ActiveCfg = Release|Win32
		{EE65E55C-A299-495A-B598-C52B81526CD5}.Release|x86.Build.0 = Release|Win32
		{CCE20894-C4C7-4396-8CEB-28AD836C264C}.Debug|x64.ActiveCfg = Debug|x64
		{CCE20894-C4C7-4396-8CEB-28AD836C264C}.Debug|x64.Build.0 = Debug|x64
		{CCE20894-C4C7-4396-8CEB-28AD836C264C}.Debug|x86.ActiveCfg = Debug|Win32
		{CCE20894-C4C7-4396-8CEB-28AD836C264C}.Debug|x86.Build.0 = Debug|Win32
		{CCE20894-C4C7-4396-8CEB-28AD836C264C}.Release|x64.ActiveCfg = Release|x64
		{CCE20894-C4C7-4396-8CEB-28AD836C264C}.Release|x64.Build.0 = Release|x64
		{CCE20894-C4C7-4396-8CEB-28AD836C264C}.Release|x86.ActiveCfg = Release|Win32
		{CCE20894-C4C7-4396-8CEB-28AD836C264C}.Release|x86.Build.0 = Release|Win32
		{DFF3C588-8CEB-482F-8EC1-5BC039B06BBD}.Debug|x64.ActiveCfg = Debug|x64
		{DFF3C588-8CEB-482F-8EC1-5BC039B06BBD}.Debug|x64.Build.0 = Debug|x64
		{DFF3C588-8CEB-482F-8EC1-5BC039B06BBD}.Debug|x86.ActiveCfg = Debug|Win32
		{DFF3C588-8CEB-482F-8EC1-5BC039B06BBD}.Debug|x86.Build.0 = Debug|Win32
		{DFF3C588-8CEB-482F-8EC1-5BC039B06BBD}.Release|x64.ActiveCfg = Release|x64
		{DFF3C588-8CEB-482F-8EC1-5BC039B06BBD}.Release|x64.Build.0 = Release|x64
		{DFF3C588-8CEB-482F-8EC1-5BC039B06BBD}.Release|x86.ActiveCfg = Release|Win32
		{DFF3C588-8CEB-482F-8EC1-5BC039B06BBD}.Release|x86.Build.0 = Release|Win32
		{8DBC6F77-A3BC-4B9D-AC8E-2A6325D8B7E3}.Debug|x64.ActiveCfg = Debug|x64
		{8DBC6F77-A3BC-4B9D-AC8E-2A6325D8B7E3}.Debug|x64.Build.0 = Debug|x64
		{8DBC6F77-A3BC-4B9D-AC8E-2A6325D8B7E3}.Debug|x86.ActiveCfg = Debug|Win32
		{8DBC6F77-A3BC-4B9D-AC8E-2A6325D8B7E3}.Debug|x86.Build.0 = Debug|Win32
		{8DBC6F77-A3BC-4B9D-AC8E-2A6325D8B7E3}.Release|x64.ActiveCfg = Release|x64
		{8DBC6F77-A3BC-4B9D-AC8E-2A6325D8B7E3}.Release|x64.Build.0 = Release|x64
		{8DBC6F77-A3BC-4B9D-AC8E-2A6325D8B7E3}.Release|x86.ActiveCfg = Release|Win32
		{8DBC6F77-A3BC-4B9D-AC8E-2A6325D8B7E3}.Release|x86.Build.0 = Release|Win32
		{D729D7D7-5AD1-4DE2-9089-24C06FB6C1A8}.Debug|x64.ActiveCfg = Debug|x64
		{D729D7D7-5AD1-4DE2-9089-24C06FB6C1A8}.Debug|x64.Build.0 = Debug|x64
		{D729D7D7-5AD1-4DE2-9089-24C06FB6C1A8}.Debug|x86.ActiveCfg = Debug|Win32
		{D729D7D7-5AD1-4DE2-9089-24C06FB6C1A8}.Debug|x86.Build.0 = Debug|Win32
		{D729D7D7-5AD1-4DE2-9089-24C06FB6C1A8}.Release|x64.ActiveCfg = Release|x64
		{D729D7D7-5AD1-4DE2-9089-24C06FB6C1A8}.Release|x64.Build.0 = Release|x64
		{D729D7D7-5AD1-4DE2-9089-24C06FB6C1A8}.Release|x86.ActiveCfg = Release|Win32
		{D729D7D7-5AD1-4DE2-9089-24C06FB6C1A8}.Release|x86.Build.0 = Release|Win32
		{A7F022C4-3E2C-48F1-AD2C-F822FCDC0DA5}.Debug|x64.ActiveCfg = Debug|x64
		{A7F022C4-3E2C-48F1-AD2C-F822FCDC0DA5}.Debug|x64.Build.0 = Debug|x64
		{A7F022C4-3E2C-48F1-AD2C-F822FCDC0DA5}.Debug|x86.ActiveCfg = Debug|Win32
		{A7F022C4-3E2C-48F1-AD2C-F822FCDC0DA5}.Debug|x86.Build.0 = Debug|Win32
		{A7F022C4-3E2C-48F1-AD2C-F822FCDC0DA5}.Release|x64.ActiveCfg = Release|x64
		{A7F022C4-3E2C-48F1-AD2C-F822FCDC0DA5}.Release|x64.Build.0 = Release|x64
		{A7F022C4-3E2C-48F1-AD2C-F822FCDC0DA5}.Release|x86.ActiveCfg = Release|Win32
		{A7F022C4-3E2C-48F1-AD2C-F822FCDC0DA5}.Release|x86.Build.0 = Release|Win32
		{B9286436-B245-481A-9BA9-A081D7FDF452}.Debug|x64.ActiveCfg = Debug|x64
		{B9286436-B245-481A-9BA9-A081D7FDF452}.Debug|x64.Build.0 = Debug|x64
		{B9286436-B245-481A-9BA9-A081D7FDF452}.Debug|x86.ActiveCfg = Debug|Win32
		{B9286436-B245-481A-9BA9-A081D7FDF452}.Debug|x86.Build.0 = Debug|Win32
		{B9286436-B245-481A-9BA9-A081D7FDF452}.Release|x64.ActiveCfg = Release|x64
		{B9286436-B245-481A-9BA9-A081D7FDF452}.Release|x64.Build.0 = Release|x64
		{B9286436-B245-481A-9BA9-A081D7FDF452}.Release|x86.ActiveCfg = Release|Win32
		{B9286436-B245-481A-9BA9-A081D7FDF452}.Release|x86.Build.0 = Release|Win32
		{96E841BD-255E-44D2-B9B2-FC7AD29DEC57}.Debug|x64.ActiveCfg = Debug|x64
		{96E841BD-255E-44D2-B9B2-FC7AD29DEC57}.Debug|x64.Build.0 = Debug|x64
		{96E841BD-255E-44D2-B9B2-FC7AD29DEC57}.Debug|x86.ActiveCfg = Debug|Win32
		{96E841BD-255E-44D2-B9B2-FC7AD29DEC57}.Debug|x86.Build.0 = Debug|Win32
		{96E841BD-255E-44D2-B9B2-FC7AD29DEC57}.Release|x64.ActiveCfg = Release|x64
		{96E841BD-255E-44D2-B9B2-FC7AD29DEC57}.Release|x64.Build.0 = Release|x64
		{96E841BD-255E-44D2-B9B2-FC7AD29DEC57}.Release|x86.ActiveCfg = Release|Win32
		{96E841BD-255E-44D2-B9B2-FC7AD29DEC57}.Release|x86.Build.0 = Release|Win32
		{4316DA0F-062B-44F8-9747-C7F56B4F45A6}.Debug|x64.ActiveCfg = Debug|x64
		{4316DA0F-062B-44F8-9747-C7F56B4F45A6}.Debug|x64.Build.0 = Debug|x64
		{4316DA0F-062B-44F8-9747-C7F56B4F45A6}.Debug|x86.ActiveCfg = Debug|Win32
		{4316DA0F-062B-44F8-9747-C7F56B4F45A6}.Debug|x86.Build.0 = Debug|Win32
		{4316DA0F-062B-44F8-9747-C7F56B4F45A6}.Release|x64.ActiveCfg = Release|x64
		{4316DA0F-062B-44F8-9747-C7F56B4F45A6}.Release|x64.Build.0 = Release|x64
		{4316DA0F-062B-44F8-9747-C7F56B4F45A6}.Release|x86.ActiveCfg = Release|Win32
		{4316DA0F-062B-44F8-9747-C7F56B4F45A6}.Release|x86.Build.0 = Release|Win32
		{B0973521-ADE6-4530-9A0C-F7F154B4D671}.Debug|x64.ActiveCfg = Debug|x64
		{B0973521-ADE6-4530-9A0C-F7F154B4D671}.Debug|x64.Build.0 = Debug|x64
		{B0973521-ADE6-4530-9A0C-F7F154B4D671}.Debug|x86.ActiveCfg = Debug|Win32
		{B0973521-ADE6-4530-9A0C-F7F154B4D671}.Debug|x86.Build.0 = Debug|Win32
		{B0973521-ADE6-4530-9A0C-F7F154B4D671}.Release|x64.ActiveCfg = Release|x64
		{B0973521-ADE6-4530-9A0C-F7F154B4D671}.Release|x64.Build.0 = Release|x64
		{B0973521-ADE6-4530-9A0C-F7F154B4D671}.Release|x86.ActiveCfg = Release|Win32
		{B0973521-ADE6-4530-9A0C-F7F154B4D671}.Release|x86.Build.0 = Release|Win32
		{C6BD2D39-D701-4257-83B5-E59A1489E764}.Debug|x64.ActiveCfg = Debug|x64
		{C6BD2D39-D701-4257-83B5-E59A1489E764}.Debug|x64.Build.0 = Debug|x64
		{C6BD2D39-D701-4257-83B5-E59A1489E764}.Debug|x86.ActiveCfg = Debug|Win32
		{C6BD2D39-D701-4257-83B5-E59A1489E764}.Debug|x86.Build.0 = Debug|Win32
		{C6BD2D39-D701-4257-83B5-E59A1489E764}.Release|x64.ActiveCfg = Release|x64
		{C6BD2D39-D701-4257-83B5-E59A1489E764}.Release|x64.Build.0 = Release|x64
		{C6BD2D39-D701-4257-83B5-E59A1489E764}.Release|x86.ActiveCfg = Release|Win32
		{C6BD2D39-D701-4257-83B5-E59A1489E764}.Release|x86.Build.0 = Release|Win32
		{83AE11C5-C373-424B-B8D6-1F448BDB7BE0}.Debug|x64.ActiveCfg = Debug|x64
		{83AE11C5-C373-424B-B8D6-1F448BDB7BE0}.Debug|x64.Build.0 = Debug|x64
		{83AE11C5-C373-424B-B8D6-1F448BDB7BE0}.Debug|x86.ActiveCfg = Debug|Win32
		{83AE11C5-C373-424B-B8D6-1F448BDB7BE0}.Debug|x86.Build.0 = Debug|Win32
		{83AE11C5-C373-424B-B8D6-1F448BDB7BE0}.Release|x64.ActiveCfg = Release|x64
		{83AE11C5-C373-424B-B8D6-1F448BDB7BE0}.Release|x64.Build.0 = Release|x64
		{83AE11C5-C373-424B-B8D6-1F448BDB7BE0}.Release|x86.ActiveCfg = Release|Win32
		{83AE11C5-C373-424B-B8D6-1F448BDB7BE0}.Release|x86.Build.0 = Release|Win32
		{26CB4D17-BC37-40E9-A0BC-702073945461}.Debug|x64.ActiveCfg = Debug|x64
		{26CB4D17-BC37-40E9-A0BC-702073945461}.Debug|x64.Build.0 = Debug|x64
		{26CB4D17-BC37-40E9-A0BC-702073945461}.Debug|x86.ActiveCfg = Debug|Win32
		{26CB4D17-BC37-40E9-A0BC-702073945461}.Debug|x86.Build.0 = Debug|Win32
		{26CB4D17-BC37-40E9-A0BC-702073945461}.Release|x64.ActiveCfg = Release|x64
		{26CB4D17-BC37-40E9-A0BC-702073945461}.Release|x64.Build.0 = Release|x64
		{26CB4D17-BC37-40E9-A0BC-702073945461}.Release|x86.ActiveCfg = Release|Win32
		{26CB4D17-BC37-40E9-A0BC-702073945461}.Release|x86.Build.0 = Release|Win32
		{44655952-29EF-4180-861A-E0470E068A38}.Debug|x64.ActiveCfg = Debug|x64
		{44655952-29EF-4180-861A-E0470E068A38}.Debug|x64.Build.0 = Debug|x64
		{44655952-29EF-4180-861A-E0470E068A38}.Debug|x86.ActiveCfg = Debug|Win32
		{44655952-29EF-4180-861A-E0470E068A38}.Debug|x86.Build.0 = Debug|Win32
		{44655952-29EF-4180-861A-E0470E068A38}.Release|x64.ActiveCfg = Release|x64
		{44655952-29EF-4180-861A-E0470E068A38}.Release|x64.Build.0 = Release|x64
		{44655952-29EF-4180-861A-E0470E068A38}.Release|x86.ActiveCfg = Release|Win32
		{44655952-29EF-4180-861A-E0470E068A38}.Release|x86.Build.0 = Release|Win32
		{509ECE81-A33C-4757-9BA4-0D5D0F1DEC51}.Debug|x64.ActiveCfg = Debug|x64
		{509ECE81-A33C-4757-9BA4-0D5D0F1DEC51}.Debug|x64.Build.0 = Debug|x64
		{509ECE81-A33C-4757-9BA4-0D5D0F1DEC51}.Debug|x86.ActiveCfg = Debug|Win32
		{509ECE81-A33C-4757-9BA4-0D5D0F1DEC51}.Debug|x86.Build.0 = Debug|Win32
		{509ECE81-A33C-4757-9BA4-0D5D0F1DEC51}.Release|x64.ActiveCfg = Release|x64
		{509ECE81-A33C-4757-9BA4-0D5D0F1DEC51}.Release|x64.Build.0 = Release|x64
		{509ECE81-A33C-4757-9BA4-0D5D0F1DEC51}.Release|x86.ActiveCfg = Release|Win32
		{509ECE81-A33C-4757-9BA4-0D5D0F1DEC51}.Release|x86.Build.0 = Release|Win32
		{8C98B3E6-2DF9-4D43-BDEA-C519B6EB7DD7}.Debug|x64.ActiveCfg = Debug|x64
		{8C98B3E6-2DF9-4D43-BDEA-C519B6EB7DD7}.Debug|x64.Build.0 = Debug|x64
		{8C98B3E6-2DF9-4D43-BDEA-C519B6EB7DD7}.Debug|x86.ActiveCfg = Debug|Win32
		{8C98B3E6-2DF9-4D43-BDEA-C519B6EB7DD7}.Debug|x86.Build.0 = Debug|Win32
		{8C98B3E6-2DF9-4D43-BDEA-C519B6EB7DD7}.Release|x64.ActiveCfg = Release|x64
		{8C98B3E6-2DF9-4D43-BDEA-C519B6EB7DD7}.Release|x64.Build.0 = Release|x64
		{8C98B3E6-2DF9-4D43-BDEA-C519B6EB7DD7}.Release|x86.ActiveCfg = Release|Win32
		{8C98B3E6-2DF9-4D43-BDEA-C519B6EB7DD7}.Release|x86.Build.0 = Release|Win32
		{961D9019-C78A-468D-AA5C-24CA0EC193F8}.Debug|x64.ActiveCfg = Debug|x64
		{961D9019-C78A-468D-AA5C-24CA0EC193F8}.Debug|x64.Build.0 = Debug|x64
		{961D9019-C78A-468D-AA5C-24CA0EC193F8}.Debug|x86.ActiveCfg = Debug|Win32
		{961D9019-C78A-468D-AA5C-24CA0EC193F8}.Debug|x86.Build.0 = Debug|Win32
		{961D9019-C78A-468D-AA5C-24CA0EC193F8}.Release|x64.ActiveCfg = Release|x64
		{961D9019-C78A-468D-AA5C-24CA0EC193F8}.Release|x64.Build.0 = Release|x64
		{961D9019-C78A-468D-AA5C-24CA0EC193F8}.Release|x86.ActiveCfg = Release|Win32
		{961D9019-C78A-468D-AA5C-24CA0EC193F8}.Release|x86.Build.0 = Release|Win32
		{D3C97380-C5C9-43C0-AFE7-B9EA3262E3B5}.Debug|x64.ActiveCfg = Debug|x64
		{D3C97380-C5C9-43C0-AFE7-B9EA3262E3B5}.Debug|x64.Build.0 = Debug|x64
		{D3C97380-C5C9-43C0-AFE7-B9EA3262E3B5}.Debug|x86.ActiveCfg = Debug|Win32
		{D3C97380-C5C9-43C0-AFE7-B9EA3262E3B5}.Debug|x86.Build.0 = Debug|Win32
		{D3C97380-C5C9-43C0-AFE7-B9EA3262E3B5}.Release|x64.ActiveCfg = Release|x64
		{D3C97380-C5C9-43C0-AFE7-B9EA3262E3B5}.Release|x64.Build.0 = Release|x64
		{D3C97380-C5C9-43C0-AFE7-B9EA3262E3B5}.Release|x86.ActiveCfg = Release|Win32
		{D3C97380-C5C9-43C0-AFE7-B9EA3262E3B5}.Release|x86.Build.0 = Release|Win32
		{3BE38311-3805-4865-9204-C11AA87BCE1A}.Debug|x64.ActiveCfg = Debug|x64
		{3BE38311-3805-4865-9204-C11AA87BCE1A}.Debug|x64.Build.0 = Debug|x64
		{3BE38311-3805-4865-9204-C11AA87BCE1A}.Debug|x86.ActiveCfg = Debug|Win32
		{3BE38311-3805-4865-9204-C11AA87BCE1A}.Debug|x86.Build.0 = Debug|Win32
		{3BE38311-3805-4865-9204-C11AA87BCE1A}.Release|x64.ActiveCfg = Release|x64
		{3BE38311-3805-4865-9204-C11AA87BCE1A}.Release|x64.Build.0 = Release|x64
		{3BE38311-3805-4865-9204-C11AA87BCE1A}.Release|x86.ActiveCfg = Release|Win32
		{3BE38311-3805-4865-9204-C11AA87BCE1A}.Release|x86.Build.0 = Release|Win32
		{D4F311B8-B61E-45FC-83CC-91F64AF72109}.Debug|x64.ActiveCfg = Debug|x64
		{D4F311B8-B61E-45FC-83CC-91F64AF72109}.Debug|x64.Build.0 = Debug|x64
		{D4F311B8-B61E-45FC-83CC-91F64AF72109}.Debug|x86.ActiveCfg = Debug|Win32
		{D4F311B8-B61E-45FC-83CC-91F64AF72109}.Debug|x86.Build.0 = Debug|Win32
		{D4F311B8-B61E-45FC-83CC-91F64AF72109}.Release|x64.ActiveCfg = Release|x64
		{D4F311B8-B61E-45FC-83CC-91F64AF72109}.Release|x64.Build.0 = Release|x64
		{D4F311B8-B61E-45FC-83CC-91F64AF72109}.Release|x86.ActiveCfg = Release|Win32
		{D4F311B8-B61E-45FC-83CC-91F64AF72109}.Release|x86.Build.0 = Release|Win32
		{3174173C-6543-49D6-828D-D8DE57A8A4B8}.Debug|x64.ActiveCfg = Debug|x64
		{3174173C-6543-49D6-828D-D8DE57A8A4B8}.Debug|x64.Build.0 = Debug|x64
		{3174173C-6543-49D6-828D-D8DE57A8A4B8}.Debug|x86.ActiveCfg = Debug|Win32
		{3174173C-6543-49D6-828D-D8DE57A8A4B8}.Debug|x86.Build.0 = Debug|Win32
		{3174173C-6543-49D6-828D-D8DE57A8A4B8}.Release|x64.ActiveCfg = Release|x64
		{3174173C-6543-49D6-828D-D8DE57A8A4B8}.Release|x64.Build.0 = Release|x64
		{3174173C-6543-49D6-828D-D8DE57A8A4B8}.Release|x86.ActiveCfg = Release|Win32
		{3174173C-6543-49D6-828D-D8DE57A8A4B8}.Release|x86.Build.0 = Release|Win32
		{4E3C0039-FB8D-4999-8ACF-687157E07AE2}.Debug|x64.ActiveCfg = Debug|x64
		{4E3C0039-FB8D-4999-8ACF-687157E07AE2}.Debug|x64.Build.0 = Debug|x64
		{4E3C0039-FB8D-4999-8ACF-687157E07AE2}.Debug|x86.ActiveCfg = Debug|Win32
		{4E3C0039-FB8D-4999-8ACF-687157E07AE2}.Debug|x86.Build.0 = Debug|Win32
		{4E3C0039-FB8D-4999-8ACF-687157E07AE2}.Release|x64.ActiveCfg = Release|x64
		{4E3C0039-FB8D-4999-8ACF-687157E07AE2}.Release|x64.Build.0 = Release|x64
		{4E3C0039-FB8D-4999-8ACF-687157E07AE2}.Release|x86.ActiveCfg = Release|Win32
		{4E3C0039-FB8D-4999-8ACF-687157E07AE2}.Release|x86.Build.0 = Release|Win32
		{624DB928-CAD2-4000-A96E-B3EC77997E7C}.Debug|x64.ActiveCfg = Debug|x64
		{624DB928-CAD2-4000-A96E-B3EC77997E7C}.Debug|x64.Build.0 = Debug|x64
		{624DB928-CAD2-4000-A96E-B3EC77997E7C}.Debug|x86.ActiveCfg = Debug|Win32
		{624DB928-CAD2-4000-A96E-B3EC77997E7C}.Debug|x86.Build.0 = Debug|Win32
		{624DB928-CAD2-4000-A96E-B3EC77997E7C}.Release|x64.ActiveCfg = Release|x64
		{624DB928-CAD2-4000-A96E-B3EC77997E7C}.Release|x64.Build.0 = Release|x64
		{624DB928-CAD2-4000-A96E-B3EC77997E7C}.Release|x86.ActiveCfg = Release|Win32
		{624DB928-CAD2-4000-A96E-B3EC77997E7C}.Release|x86.Build.0 = Release|Win32
		{9ECC22CE-CB60-41F1-B689-A628E3DDB093}.Debug|x64.ActiveCfg = Debug|x64
		{9ECC22CE-CB60-41F1-B689-A628E3DDB093}.Debug|x64.Build.0 = Debug|x64
		{9ECC22CE-CB60-41F1-B689-A628E3DDB093}.Debug|x86.ActiveCfg = Debug|Win32
		{9ECC22CE-CB60-41F1-B689-A628E3DDB093}.Debug|x86.Build.0 = Debug|Win32
		{9ECC22CE-CB60-41F1-B689-A628E3DDB093}.Release|x64.ActiveCfg = Release|x64
		{9ECC22CE-CB60-41F1-B689-A628E3DDB093}.Release|x64.Build.0 = Release|x64
		{9ECC22CE-CB60-41F1-B689-A628E3DDB093}.Release|x86.ActiveCfg = Release|Win32
		{9ECC22CE-CB60-41F1-B689-A628E3DDB093}.Release|x86.Build.0 = Release|Win32
		{618D183A-2F40-4F26-8782-7CB9E98A5195}.Debug|x64.ActiveCfg = Debug|x64
		{618D183A-2F40-4F26-8782-7CB9E98A5195}.Debug|x64.Build.0 = Debug|x64
		{618D183A-2F40-4F26-8782-7CB9E98A5195}.Debug|x86.ActiveCfg = Debug|Win32
		{618D183A-2F40-4F26-8782-7CB9E98A5195}.Debug|x86.Build.0 = Debug|Win32
		{618D183A-2F40-4F26-8782-7CB9E98A5195}.Release|x64.ActiveCfg = Release|x64
		{618D183A-2F40-4F26-8782-7CB9E98A5195}.Release|x64.Build.0 = Release|x64
		{618D183A-2F40-4F26-8782-7CB9E98A5195}.Release|x86.ActiveCfg = Release|Win32
		{618D183A-2F40-4F26-8782-7CB9E98A5195}.Release|x86.Build.0 = Release|Win32
		{0EA482E0-03A8-4E07-BF5C-46515217163E}.Debug|x64.ActiveCfg = Debug|x64
		{0EA482E0-03A8-4E07-BF5C-46515217163E}.Debug|x64.Build.0 = Debug|x64
		{0EA482E0-03A8-4E07-BF5C-46515217163E}.Debug|x86.ActiveCfg = Debug|Win32
		{0EA482E0-03A8-4E07-BF5C-46515217163E}.Debug|x86.Build.0 = Debug|Win32
		{0EA482E0-03A8-4E07-BF5C-46515217163E}.Release|x64.ActiveCfg = Release|x64
		{0EA482E0-03A8-4E07-BF5C-46515217163E}.Release|x64.Build.0 = Release|x64
		{0EA482E0-03A8-4E07-BF5C-46515217163E}.Release|x86.ActiveCfg = Release|Win32
		{0EA482E0-03A8-4E07-BF5C-46515217163E}.Release|x86.Build.0 = Release|Win32
		{0C1DEA8C-0C62-4F2C-B292-2B457ECF1236}.Debug|x64.ActiveCfg = Debug|x64
		{0C1DEA8C-0C62-4F2C-B292-2B457ECF1236}.Debug|x64.Build.0 = Debug|x64
		{0C1DEA8C-0C62-4F2C-B292-2B457ECF1236}.Debug|x86.ActiveCfg = Debug|Win32
		{0C1DEA8C-0C62-4F2C-B292-2B457ECF1236}.Debug|x86.Build.0 = Debug|Win32
		{0C1DEA8C-0C62-4F2C-B292-2B457ECF1236}.Release|x64.ActiveCfg = Release|x64
		{0C1DEA8C-0C62-4F2C-B292-2B457ECF1236}.Release|x64.Build.0 = Release|x64
		{0C1DEA8C-0C62-4F2C-B292-2B457ECF1236}.Release|x86.ActiveCfg = Release|Win32
		{0C1DEA8C-0C62-4F2C-B292-2B457ECF1236}.Release|x86.Build.0 = Release|Win32
		{27943A14-205E-46DD-AC1F-E84C49D1CB35}.Debug|x64.ActiveCfg = Debug|x64
		{27943A14-205E-46DD-AC1F-E84C49D1CB35}.Debug|x64.Build.0 = Debug|x64
		{27943A14-205E-46DD-AC1F-E84C49D1CB35}.Debug|x86.ActiveCfg = Debug|Win32
		{27943A14-205E-46DD-AC1F-E84C49D1CB35}.Debug|x86.Build.0 = Debug|Win32
		{27943A14-205E-46DD-AC1F-E84C49D1CB35}.Release|x64.ActiveCfg = Release|x64
		{27943A14-205E-46DD-AC1F-E84C49D1CB35}.Release|x64.Build.0 = Release|x64
		{27943A14-205E-46DD-AC1F-E84C49D1CB35}.Release|x86.ActiveCfg = Release|Win32
		{27943A14-205E-46DD-AC1F-E84C49D1CB35}.Release|x86.Build.0 = Release|Win32
		{D44170D6-EEFF-4592-9562-105CAB50B2BA}.Debug|x64.ActiveCfg = Debug|x64
		{D44170D6-EEFF-4592-9562-105CAB50B2BA}.Debug|x64.Build.0 = Debug|x64
		{D44170D6-EEFF-4592-9562-105CAB50B2BA}.Debug|x86.ActiveCfg = Debug|Win32
		{D44170D6-EEFF-4592-9562-105CAB50B2BA}.Debug|x86.Build.0 = Debug|Win32
		{D44170D6-EEFF-4592-9562-105CAB50B2BA}.Release|x64.ActiveCfg = Release|x64
		{D44170D6-EEFF-4592-9562-105CAB50B2BA}.Release|x64.Build.0 = Release|x64
		{D44170D6-EEFF-4592-9562-105CAB50B2BA}.Release|x86.ActiveCfg = Release|Win32
		{D44170D6-EEFF-4592-9562-105CAB50B2BA}.Release|x86.Build.0 = Release|Win32
		{BBB1D8F5-F63F-4417-BD5F-3C7CF03EFF92}.Debug|x64.ActiveCfg = Debug|x64
		{BBB1D8F5-F63F-4417-BD5F-3C7CF03EFF92}.Debug|x64.Build.0 = Debug|x64
		{BBB1D8F5-F63F-4417-BD5F-3C7CF03EFF92}.Debug|x86.ActiveCfg = Debug|Win32
		{BBB1D8F5-F63F-4417-BD5F-3C7CF03EFF92}.Debug|x86.Build.0 = Debug|Win32
		{BBB1D8F5-F63F-4417-BD5F-3C7CF03EFF92}.Release|x64.ActiveCfg = Release|x64
		{BBB1D8F5-F63F-4417-BD5F-3C7CF03EFF92}.Release|x64.Build.0 = Release|x64
		{BBB1D8F5-F63F-4417-BD5F-3C7CF03EFF92}.Release|x86.ActiveCfg = Release|Win32
		{BBB1D8F5-F63F-4417-BD5F-3C7CF03EFF92}.Release|x86.Build.0 = Release|Win32
		{FEF07047-2CEE-44C0-8E13-48206B0234C7}.Debug|x64.ActiveCfg = Debug|x64
		{FEF07047-2CEE-44C0-8E13-48206B0234C7}.Debug|x64.Build.0 = Debug|x64
		{FEF07047-2CEE-44C0-8E13-48206B0234C7}.Debug|x86.ActiveCfg = Debug|Win32
		{FEF07047-2CEE-44C0-8E13-48206B0234C7}.Debug|x86.Build.0 = Debug|Win32
		{FEF07047-2CEE-44C0-8E13-48206B0234C7}.Release|x64.ActiveCfg = Release|x64
		{FEF07047-2CEE-44C0-8E13-48206B0234C7}.Release|x64.Build.0 = Release|x64
		{FEF07047-2CEE-44C0-8E13-48206B0234C7}.Release|x86.ActiveCfg = Release|Win32
		{FEF07047-2CEE-44C0-8E13-48206B0234C7}.Release|x86.Build.0 = Release|Win32
		{CDE1EABE-EB94-440D-80F2-E935A912762C}.Debug|x64.ActiveCfg = Debug|x64
		{CDE1EABE-EB94-440D-80F2-E935A912762C}.Debug|x64.Build.0 = Debug|x64
		{CDE1EABE-EB94-440D-80F2-E935A912762C}.Debug|x86.ActiveCfg = Debug|Win32
		{CDE1EABE-EB94-440D-80F2-E935A912762C}.Debug|x86.Build.0 = Debug|Win32
		{CDE1EABE-EB94-440D-80F2-E935A912762C}.Release|x64.ActiveCfg = Release|x64
		{CDE1EABE-EB94-440D-80F2-E935A912762C}.Release|x64.Build.0 = Release|x64
		{CDE1EABE-EB94-440D-80F2-E935A912762C}.Release|x86.ActiveCfg = Release|Win32
		{CDE1EABE-EB94-440D-80F2-E935A912762C}.Release|x86.Build.0 = Release|Win32
		{8EA0095C-BA55-4416-B1D3-45032C698196}.Debug|x64.ActiveCfg = Debug|x64
		{8EA0095C-BA55-4416-B1D3-45032C698196}.Debug|x64.Build.0 = Debug|x64
		{8EA0095C-BA55-4416-B1D3-45032C698196}.Debug|x86.ActiveCfg = Debug|Win32
		{8EA0095C-BA55-4416-B1D3-45032C698196}.Debug|x86.Build.0 = Debug|Win32
		{8EA0095C-BA55-4416-B1D3-45032C698196}.Release|x64.ActiveCfg = Release|x64
		{8EA0095C-BA55-4416-B1D3-45032C698196}.Release|x64.Build.0 = Release|x64
		{8EA0095C-BA55-4416-B1D3-45032C698196}.Release|x86.ActiveCfg = Release|Win32
		{8EA0095C-BA55-4416-B1D3-45032C698196}.Release|x86.Build.0 = Release|Win32
		{17FCD95A-EA46-481D-B8AC-F16A227DFCA1}.Debug|x64.ActiveCfg = Debug|x64
		{17FCD95A-EA46-481D-B8AC-F16A227DFCA1}.Debug|x64.Build.0 = Debug|x64
		{17FCD95A-EA46-481D-B8AC-F16A227DFCA1}.Debug|x86.ActiveCfg = Debug|Win32
		{17FCD95A-EA46-481D-B8AC-F16A227DFCA1}.Debug|x86.Build.0 = Debug|Win32
		{17FCD95A-EA46-481D-B8AC-F16A227DFCA1}.Release|x64.ActiveCfg = Release|x64
		{17FCD95A-EA46-481D-B8AC-F16A227DFCA1}.Release|x64.Build.0 = Release|x64
		{17FCD95A-EA46-481D-B8AC-F16A227DFCA1}.Release|x86.ActiveCfg = Release|Win32
		{17FCD95A-EA46-481D-B8AC-F16A227DFCA1}.Release|x86.Build.0 = Release|Win32
		{E151788E-7551-481D-A657-D03FE7AEEE7A}.Debug|x64.ActiveCfg = Debug|x64
		{E151788E-7551-481D-A657-D03FE7AEEE7A}.Debug|x64.Build.0 = Debug|x64
		{E151788E-7551-481D-A657-D03FE7AEEE7A}.Debug|x86.ActiveCfg = Debug|Win32
		{E151788E-7551-481D-A657-D03FE7AEEE7A}.Debug|x86.Build.0 = Debug|Win32
		{E151788E-7551-481D-A657-D03FE7AEEE7A}.Release|x64.ActiveCfg = Release|x64
		{E151788E-7551-481D-A657-D03FE7AEEE7A}.Release|x64.Build.0 = Release|x64
		{E151788E-7551-481D-A657-D03FE7AEEE7A}.Release|x86.ActiveCfg = Release|Win32
		{E151788E-7551-481D-A657-D03FE7AEEE7A}.Release|x86.Build.0 = Release|Win32
		{B23AEA3A-B0F4-4305-AFD8-33E9C49028D4}.Debug|x64.ActiveCfg = Debug|x64
		{B23AEA3A-B0F4-4305-AFD8-33E9C49028D4}.Debug|x64.Build.0 = Debug|x64
		{B23AEA3A-B0F4-4305-AFD8-33E9C49028D4}.Debug|x86.ActiveCfg = Debug|Win32
		{B23AEA3A-B0F4-4305-AFD8-33E9C49028D4}.Debug|x86.Build.0 = Debug|Win32
		{B23AEA3A-B0F4-4305-AFD8-33E9C49028D4}.Release|x64.ActiveCfg = Release|x64
		{B23AEA3A-B0F4-4305-AFD8-33E9C49028D4}.Release|x64.Build.0 = Release|x64
		{B23AEA3A-B0F4-4305-AFD8-33E9C49028D4}.Release|x86.ActiveCfg = Release|Win32
		{B23AEA3A-B0F4-4305-AFD8-33E9C49028D4}.Release|x86.Build.0 = Release|Win32
		{576684D0-DD02-47AB-9CFE-F0A6FF57C71E}.Debug|x64.ActiveCfg = Debug|x64
		{576684D0-DD02-47AB-9CFE-F0A6FF57C71E}.Debug|x64.Build.0 = Debug|x64
		{576684D0-DD02-47AB-9CFE-F0A6FF57C71E}.Debug|x86.ActiveCfg = Debug|Win32
		{576684D0-DD02-47AB-9CFE-F0A6FF57C71E}.Debug|x86.Build.0 = Debug|Win32
		{576684D0-DD02-47AB-9CFE-F0A6FF57C71E}.Release|x64.ActiveCfg = Release|x64
		{576684D0-DD02-47AB-9CFE-F0A6FF57C71E}.Release|x64.Build.0 = Release|x64
		{576684D0-DD02-47AB-9CFE-F0A6FF57C71E}.Release|x86.ActiveCfg = Release|Win32
		{576684D0-DD02-47AB-9CFE-F0A6FF57C71E}.Release|x86.Build.0 = Release|Win32
		{B86FBA1A-5BBE-47C4-932E-39AA9D734F02}.Debug|x64.ActiveCfg = Debug|x64
		{B86FBA1A-5BBE-47C4-932E-39AA9D734F02}.Debug|x64.Build.0 = Debug|x64
		{B86FBA1A-5BBE-47C4-932E-39AA9D734F02}.Debug|x86.ActiveCfg = Debug|Win32
		{B86FBA1A-5BBE-47C4-932E-39AA9D734F02}.Debug|x86.Build.0 = Debug|Win32
		{B86FBA1A-5BBE-47C4-932E-39AA9D734F02}.Release|x64.ActiveCfg = Release|x64
		{B86FBA1A-5BBE-47C4-932E-39AA9D734F02}.Release|x64.Build.0 = Release|x64
		{B86FBA1A-5BBE-47C4-932E-39AA9D734F02}.Release|x86.ActiveCfg = Release|Win32
		{B86FBA1A-5BBE-47C4-932E-39AA9D734F02}.Release|x86.Build.0 = Release|Win32
		{7837B34E-9969-4A0A-AE5E-F33E66B596E8}.Debug|x64.ActiveCfg = Debug|x64
		{7837B34E-9969-4A0A-AE5E-F33E66B596E8}.Debug|x64.Build.0 = Debug|x64
		{7837B34E-9969-4A0A-AE5E-F33E66B596E8}.Debug|x86.ActiveCfg = Debug|Win32
		{7837B34E-9969-4A0A-AE5E-F33E66B596E8}.Debug|x86.Build.0 = Debug|Win32
		{7837B34E-9969-4A0A-AE5E-F33E66B596E8}.Release|x64.ActiveCfg = Release|x64
		{7837B34E-9969-4A0A-AE5E-F33E66B596E8}.Release|x64.Build.0 = Release|x64
		{7837B34E-9969-4A0A-AE5E-F33E66B596E8}.Release|x86.ActiveCfg = Release|Win32
		{7837B34E-9969-4A0A-AE5E-F33E66B596E8}.Release|x86.Build.0 = Release|Win32
		{0A40A78D-B0F2-49F0-BC10-99AA5F94EBA6}.Debug|x64.ActiveCfg = Debug|x64
		{0A40A78D-B0F2-49F0-BC10-99AA5F94EBA6}.Debug|x64.Build.0 = Debug|x64
		{0A40A78D-B0F2-49F0-BC10-99AA5F94EBA6}.Debug|x86.ActiveCfg = Debug|Win32
		{0A40A78D-B0F2-49F0-BC10-99AA5F94EBA6}.Debug|x86.Build.0 = Debug|Win32
		{0A40A78D-B0F2-49F0-BC10-99AA5F94EBA6}.Release|x64.ActiveCfg = Release|x64
		{0A40A78D-B0F2-49F0-BC10-99AA5F94EBA6}.Release|x64.Build.0 = Release|x64
		{0A40A78D-B0F2-49F0-BC10-99AA5F94EBA6}.Release|x86.ActiveCfg = Release|Win32
		{0A40A78D-B0F2-49F0-BC10-99AA5F94EBA6}.Release|x86.Build.0 = Release|Win32
		{20B7F6A9-508D-4669-8A17-2B99F5D32580}.Debug|x64.ActiveCfg = Debug|x64
		{20B7F6A9-508D-4669-8A17-2B99F5D32580}.Debug|x64.Build.0 = Debug|x64
		{20B7F6A9-508D-4669-8A17-2B99F5D32580}.Debug|x86.ActiveCfg = Debug|Win32
		{20B7F6A9-508D-4669-8A17-2B99F5D32580}.Debug|x86.Build.0 = Debug|Win32
		{20B7F6A9-508D-4669-8A17-2B99F5D32580}.Release|x64.ActiveCfg = Release|x64
		{20B7F6A9-508D-4669-8A17-2B99F5D32580}.Release|x64.Build.0 = Release|x64
		{20B7F6A9-508D-4669-8A17-2B99F5D32580}.Release|x86.ActiveCfg = Release|Win32
		{20B7F6A9-508D-4669-8A17-2B99F5D32580}.Release|x86.Build.0 = Release|Win32
		{50CA9F90-E518-405D-9637-6C51EBB30509}.Debug|x64.ActiveCfg = Debug|x64
		{50CA9F90-E518-405D-9637-6C51EBB30509}.Debug|x64.Build.0 = Debug|x64
		{50CA9F90-E518-405D-9637-6C51EBB30509}.Debug|x86.ActiveCfg = Debug|Win32
		{50CA9F90-E518-405D-9637-6C51EBB30509}.Debug|x86.Build.0 = Debug|Win32
		{50CA9F90-E518-405D-9637-6C51EBB30509}.Release|x64.ActiveCfg = Release|x64
		{50CA9F90-E518-405D-9637-6C51EBB30509}.Release|x64.Build.0 = Release|x64
		{50CA9F90-E518-405D-9637-6C51EBB30509}.Release|x86.ActiveCfg = Release|Win32
		{50CA9F90-E518-405D-9637-6C51EBB30509}.Release|x86.Build.0 = Release|Win32
		{9892F4FD-3A76-44DE-9387-5A63E54D8E8E}.Debug|x64.ActiveCfg = Debug|x64
		{9892F4FD-3A76-44DE-9387-5A63E54D8E8E}.Debug|x64.Build.0 = Debug|x64
		{9892F4FD-3A76-44DE-9387-5A63E54D8E8E}.Debug|x86.ActiveCfg = Debug|Win32
		{9892F4FD-3A76-44DE-9387-5A63E54D8E8E}.Debug|x86.Build.0 = Debug|Win32
		{9892F4FD-3A76-44DE-9387-5A63E54D8E8E}.Release|x64.ActiveCfg = Release|x64
		{9892F4FD-3A76-44DE-9387-5A63E54D8E8E}.Release|x64.Build.0 = Release|x64
		{9892F4FD-3A76-44DE-9387-5A63E54D8E8E}.Release|x86.ActiveCfg = Release|Win32
		{9892F4FD-3A76-44DE-9387-5A63E54D8E8E}.Release|x86.Build.0 = Release|Win32
		{79E978D6-0D5C-49C2-AB25-E5AC77D54FCE}.Debug|x64.ActiveCfg = Debug|x64
		{79E978D6-0D5C-49C2-AB25-E5AC77D54FCE}.Debug|x64.Build.0 = Debug|x64
		{79E978D6-0D5C-49C2-AB25-E5AC77D54FCE}.Debug|x86.ActiveCfg = Debug|Win32
		{79E978D6-0D5C-49C2-AB25-E5AC77D54FCE}.Debug|x86.Build.0 = Debug|Win32
		{79E978D6-0D5C-49C2-AB25-E5AC77D54FCE}.Release|x64.ActiveCfg = Release|x64
		{79E978D6-0D5C-49C2-AB25-E5AC77D54FCE}.Release|x64.Build.0 = Release|x64
		{79E978D6-0D5C-49C2-AB25-E5AC77D54FCE}.Release|x86.ActiveCfg = Release|Win32
		{79E978D6-0D5C-49C2-AB25-E5AC77D54FCE}.Release|x86.Build.0 = Release|Win32
		{DED0EC5D-D90B-473F-B5EA-96689AFA9595}.Debug|x64.ActiveCfg = Debug|x64
		{DED0EC5D-D90B-473F-B5EA-96689AFA9595}.Debug|x64.Build.0 = Debug|x64
		{DED0EC5D-D90B-473F-B5EA-96689AFA9595}.Debug|x86.ActiveCfg = Debug|Win32
		{DED0EC5D-D90B-473F-B5EA-96689AFA9595}.Debug|x86.Build.0 = Debug|Win32
		{DED0EC5D-D90B-473F-B5EA-96689AFA9595}.Release|x64.ActiveCfg = Release|x64
		{DED0EC5D-D90B-473F-B5EA-96689AFA9595}.Release|x64.Build.0 = Release|x64
		{DED0EC5D-D90B-473F-B5EA-96689AFA9595}.Release|x86.ActiveCfg = Release|Win32
		{DED0EC5D-D90B-473F-B5EA-96689AFA9595}.Release|x86.Build.0 = Release|Win32
		{3A744B39-5444-450A-AEB7-F07ACDA61C33}.Debug|x64.ActiveCfg = Debug|x64
		{3A744B39-5444-450A-AEB7-F07ACDA61C33}.Debug|x64.Build.0 = Debug|x64
		{3A744B39-5444-450A-AEB7-F07ACDA61C33}.Debug|x86.ActiveCfg = Debug|Win32
		{3A744B39-5444-450A-AEB7-F07ACDA61C33}.Debug|x86.Build.0 = Debug|Win32
		{3A744B39-5444-450A-AEB7-F07ACDA61C33}.Release|x64.ActiveCfg = Release|x64
		{3A744B39-5444-450A-AEB7-F07ACDA61C33}.Release|x64.Build.0 = Release|x64
		{3A744B39-5444-450A-AEB7-F07ACDA61C33}.Release|x86.ActiveCfg = Release|Win32
		{3A744B39-5444-450A-AEB7-F07ACDA61C33}.Release|x86.Build.0 = Release|Win32
		{EC1DA6DD-6DE2-4B1E-A029-37ADE9F9CC92}.Debug|x64.ActiveCfg = Debug|x64
		{EC1DA6DD-6DE2-4B1E-A029-37ADE9F9CC92}.Debug|x64.Build.0 = Debug|x64
		{EC1DA6DD-6DE2-4B1E-A029-37ADE9F9CC92}.Debug|x86.ActiveCfg = Debug|Win32
		{EC1DA6DD-6DE2-4B1E-A029-37ADE9F9CC92}.Debug|x86.Build.0 = Debug|Win32
		{EC1DA6DD-6DE2-4B1E-A029-37ADE9F9CC92}.Release|x64.ActiveCfg = Release|x64
		{EC1DA6DD-6DE2-4B1E-A029-37ADE9F9CC92}.Release|x64.Build.0 = Release|x64
		{EC1DA6DD-6DE2-4B1E-A029-37ADE9F9CC92}.Release|x86.ActiveCfg = Release|Win32
		{EC1DA6DD-6DE2-4B1E-A029-37ADE9F9CC92}.Release|x86.Build.0 = Release|Win32
		{479CCDD6-6506-4CE4-BB1D-222A7DBB5605}.Debug|x64.ActiveCfg = Debug|x64
		{479CCDD6-6506-4CE4-BB1D-222A7DBB5605}.Debug|x64.Build.0 = Debug|x64
		{479CCDD6-6506-4CE4-BB1D-222A7DBB5605}.Debug|x86.ActiveCfg = Debug|Win32
		{479CCDD6-6506-4CE4-BB1D-222A7DBB5605}.Debug|x86.Build.0 = Debug|Win32
		{479CCDD6-6506-4CE4-BB1D-222A7DBB5605}.Release|x64.ActiveCfg = Release|x64
		{479CCDD6-6506-4CE4-BB1D-222A7DBB5605}.Release|x64.Build.0 = Release|x64
		{479CCDD6-6506-4CE4-BB1D-222A7DBB5605}.Release|x86.ActiveCfg = Release|Win32
		{479CCDD6-6506-4CE4-BB1D-222A7DBB5605}.Release|x86.Build.0 = Release|Win32
		{5D6BD47F-D08A-4C76-A414-D30FD313B61C}.Debug|x64.ActiveCfg = Debug|x64
		{5D6BD47F-D08A-4C76-A414-D30FD313B61C}.Debug|x64.Build.0 = Debug|x64
		{5D6BD47F-D08A-4C76-A414-D30FD313B61C}.Debug|x86.ActiveCfg = Debug|Win32
		{5D6BD47F-D08A-4C76-A414-D30FD313B61C}.Debug|x86.Build.0 = Debug|Win32
		{5D6BD47F-D08A-4C76-A414-D30FD313B61C}.Release|x64.ActiveCfg = Release|x64
		{5D6BD47F-D08A-4C76-A414-D30FD313B61C}.Release|x64.Build.0 = Release|x64
		{5D6BD47F-D08A-4C76-A414-D30FD313B61C}.Release|x86.ActiveCfg = Release|Win32
		{5D6BD47F-D08A-4C76-A414-D30FD313B61C}.Release|x86.Build.0 = Release|Win32
		{F051AC0E-C593-4463-BA7C-286AF06976EB}.Debug|x64.ActiveCfg = Debug|x64
		{F051AC0E-C593-4463-BA7C-286AF06976EB}.Debug|x64.Build.0 = Debug|x64
		{F051AC0E-C593-4463-BA7C-286AF06976EB}.Debug|x86.ActiveCfg = Debug|Win32
		{F051AC0E-C593-4463-BA7C-286AF06976EB}.Debug|x86.Build.0 = Debug|Win32
		{F051AC0E-C593-4463-BA7C-286AF06976EB}.Release|x64.ActiveCfg = Release|x64
		{F051AC0E-C593-4463-BA7C-286AF06976EB}.Release|x64.Build.0 = Release|x64
		{F051AC0E-C593-4463-BA7C-286AF06976EB}.Release|x86.ActiveCfg = Release|Win32
		{F051AC0E-C593-4463-BA7C-286AF06976EB}.Release|x86.Build.0 = Release|Win32
		{01A865F5-2FE4-4A62-8760-9F650FD12987}.Debug|x64.ActiveCfg = Debug|x64
		{01A865F5-2FE4-4A62-8760-9F650FD12987}.Debug|x64.Build.0 = Debug|x64
		{01A865F5-2FE4-4A62-8760-9F650FD12987}.Debug|x86.ActiveCfg = Debug|Win32
		{01A865F5-2FE4-4A62-8760-9F650FD12987}.Debug|x86.Build.0 = Debug|Win32
		{01A865F5-2FE4-4A62-8760-9F650FD12987}.Release|x64.ActiveCfg = Release|x64
		{01A865F5-2FE4-4A62-8760-9F650FD12987}.Release|x64.Build.0 = Release|x64
		{01A865F5-2FE4-4A62-8760-9F650FD12987}.Release|x86.ActiveCfg = Release|Win32
		{01A865F5-2FE4-4A62-8760-9F650FD12987}.Release|x86.Build.0 = Release|Win32
		{BDE52F5A-FD3C-4A56-B14A-EBFD2CDDDAFF}.Debug|x64.ActiveCfg = Debug|x64
		{BDE52F5A-FD3C-4A56-B14A-EBFD2CDDDAFF}.Debug|x64.Build.0 = Debug|x64
		{BDE52F5A-FD3C-4A56-B14A-EBFD2CDDDAFF}.Debug|x86.ActiveCfg = Debug|Win32
		{BDE52F5A-FD3C-4A56-B14A-EBFD2CDDDAFF}.Debug|x86.Build.0 = Debug|Win32
		{BDE52F5A-FD3C-4A56-B14A-EBFD2CDDDAFF}.Release|x64.ActiveCfg = Release|x64
		{BDE52F5A-FD3C-4A56-B14A-EBFD2CDDDAFF}.Release|x64.Build.0 = Release|x64
		{BDE52F5A-FD3C-4A56-B14A-EBFD2CDDDAFF}.Release|x86.ActiveCfg = Release|Win32
		{BDE52F5A-FD3C-4A56-B14A-EBFD2CDDDAFF}.Release|x86.Build.0 = Release|Win32
		{7EF05104-2D1D-428F-97CB-6BA7CB8836A3}.Debug|x64.ActiveCfg = Debug|x64
		{7EF05104-2D1D-428F-97CB-6BA7CB8836A3}.Debug|x64.Build.0 = Debug|x64
		{7EF05104-2D1D-428F-97CB-6BA7CB8836A3}.Debug|x86.ActiveCfg = Debug|Win32
		{7EF05104-2D1D-428F-97CB-6BA7CB8836A3}.Debug|x86.Build.0 = Debug|Win32
		{7EF05104-2D1D-428F-97CB-6BA7CB8836A3}.Release|x64.ActiveCfg = Release|x64
		{7EF05104-2D1D-428F-97CB-6BA7CB8836A3}.Release|x64.Build.0 = Release|x64
		{7EF05104-2D1D-428F-97CB-6BA7CB8836A3}.Release|x86.ActiveCfg = Release|Win32
		{7EF05104-2D1D-428F-97CB-6BA7CB8836A3}.Release|x86.Build.0 = Release|Win32
		{925DEBEF-33AE-4298-98A4-3F5D1B393E73}.Debug|x64.ActiveCfg = Debug|x64
		{925DEBEF-33AE-4298-98A4-3F5D1B393E73}.Debug|x64.Build.0 = Debug|x64
		{925DEBEF-33AE-4298-98A4-3F5D1B393E73}.Debug|x86.ActiveCfg = Debug|Win32
		{925DEBEF-33AE-4298-98A4-3F5D1B393E73}.Debug|x86.Build.0 = Debug|Win32
		{925DEBEF-33AE-4298-98A4-3F5D1B393E73}.Release|x64.ActiveCfg = Release|x64
		{925DEBEF-33AE-4298-98A4-3F5D1B393E73}.Release|x64.Build.0 = Release|x64
		{925DEBEF-33AE-4298-98A4-3F5D1B393E73}.Release|x86.ActiveCfg = Release|Win32
		{925DEBEF-33AE-4298-98A4-3F5D1B393E73}.Release|x86.Build.0 = Release|Win32
		{E9B43BB7-EE05-400E-808C-A7F28B8DF696}.Debug|x64.ActiveCfg = Debug|x64
		{E9B43BB7-EE05-400E-808C-A7F28B8DF696}.Debug|x64.Build.0 = Debug|x64
		{E9B43BB7-EE05-400E-808C-A7F28B8DF696}.Debug|x86.ActiveCfg = Debug|Win32
		{E9B43BB7-EE05-400E-808C-A7F28B8DF696}.Debug|x86.Build.0 = Debug|Win32
		{E9B43BB7-EE05-400E-808C-A7F28B8DF696}.Release|x64.ActiveCfg = Release|x64
		{E9B43BB7-EE05-400E-808C-A7F28B8DF696}.Release|x64.Build.0 = Release|x64
		{E9B43BB7-EE05-400E-808C-A7F28B8DF696}.Release|x86.ActiveCfg = Release|Win32
		{E9B43BB7-EE05-400E-808C-A7F28B8DF696}.Release|x86.Build.0 = Release|Win32
		{2FAD3E94-B1F4-4D58-ABB4-875EF80ACC71}.Debug|x64.ActiveCfg = Debug|x64
		{2FAD3E94-B1F4-4D58-ABB4-875EF80ACC71}.Debug|x64.Build.0 = Debug|x64
		{2FAD3E94-B1F4-4D58-ABB4-875EF80ACC71}.Debug|x86.ActiveCfg = Debug|Win32
		{2FAD3E94-B1F4-4D58-ABB4-875EF80ACC71}.Debug|x86.Build.0 = Debug|Win32
		{2FAD3E94-B1F4-4D58-ABB4-875EF80ACC71}.Release|x64.ActiveCfg = Release|x64
		{2FAD3E94-B1F4-4D58-ABB4-875EF80ACC71}.Release|x64.Build.0 = Release|x64
		{2FAD3E94-B1F4-4D58-ABB4-875EF80ACC71}.Release|x86.ActiveCfg = Release|Win32
		{2FAD3E94-B1F4-4D58-ABB4-875EF80ACC71}.Release|x86.Build.0 = Release|Win32
		{8CAD46E3-8E94-4E7A-ABF3-716828A47E64}.Debug|x64.ActiveCfg = Debug|x64
		{8CAD46E3-8E94-4E7A-ABF3-716828A47E64}.Debug|x64.Build.0 = Debug|x64
		{8CAD46E3-8E94-4E7A-ABF3-716828A47E64}.Debug|x86.ActiveCfg = Debug|Win32
		{8CAD46E3-8E94-4E7A-ABF3-716828A47E64}.Debug|x86.Build.0 = Debug|Win32
		{8CAD46E3-8E94-4E7A-ABF3-716828A47E64}.Release|x64.ActiveCfg = Release|x64
		{8CAD46E3-8E94-4E7A-ABF3-716828A47E64}.Release|x64.Build.0 = Release|x64
		{8CAD46E3-8E94-4E7A-ABF3-716828A47E64}.Release|x86.ActiveCfg = Release|Win32
		{8CAD46E3-8E94-4E7A-ABF3-716828A47E64}.Release|x86.Build.0 = Release|Win32
		{8CAFF6E8-BEB7-43B0-9FCB-95EB0BA56A61}.Debug|x64.ActiveCfg = Debug|x64
		{8CAFF6E8-BEB7-43B0-9FCB-95EB0BA56A61}.Debug|x64.Build.0 = Debug|x64
		{8CAFF6E8-BEB7-43B0-9FCB-95EB0BA56A61}.Debug|x86.ActiveCfg = Debug|Win32
		{8CAFF6E8-BEB7-43B0-9FCB-95EB0BA56A61}.Debug|x86.Build.0 = Debug|Win32
		{8CAFF6E8-BEB7-43B0-9FCB-95EB0BA56A61}.Release|x64.ActiveCfg = Release|x64
		{8CAFF6E8-BEB7-43B0-9FCB-95EB0BA56A61}.Release|x64.Build.0 = Release|x64
		{8CAFF6E8-BEB7-43B0-9FCB-95EB0BA56A61}.Release|x86.ActiveCfg = Release|Win32
		{8CAFF6E8-BEB7-43B0-9FCB-95EB0BA56A61}.Release|x86.Build.0 = Release|Win32
		{B16EBB85-34A1-4F2B-9FB0-E7A8BE0A5CCD}.Debug|x64.ActiveCfg = Debug|x64
		{B16EBB85-34A1-4F2B-9FB0-E7A8BE0A5CCD}.Debug|x64.Build.0 = Debug|x64
		{B16EBB85-34A1-4F2B-9FB0-E7A8BE0A5CCD}.Debug|x86.ActiveCfg = Debug|Win32
		{B16EBB85-34A1-4F2B-9FB0-E7A8BE0A5CCD}.Debug|x86.Build.0 = Debug|Win32
		{B16EBB85-34A1-4F2B-9FB0-E7A8BE0A5CCD}.Release|x64.ActiveCfg = Release|x64
		{B16EBB85-34A1-4F2B-9FB0-E7A8BE0A5CCD}.Release|x64.Build.0 = Release|x64
		{B16EBB85-34A1-4F2B-9FB0-E7A8BE0A5CCD}.Release|x86.ActiveCfg = Release|Win32
		{B16EBB85-34A1-4F2B-9FB0-E7A8BE0A5CCD}.Release|x86.Build.0 = Release|Win32
		{C28EFD3D-546D-4D37-8315-61F10A650168}.Debug|x64.ActiveCfg = Debug|x64
		{C28EFD3D-546D-4D37-8315-61F10A650168}.Debug|x64.Build.0 = Debug|x64
		{C28EFD3D-546D-4D37-8315-61F10A650168}.Debug|x86.ActiveCfg = Debug|Win32
		{C28EFD3D-546D-4D37-8315-61F10A650168}.Debug|x86.Build.0 = Debug|Win32
		{C28EFD3D-546D-4D37-8315-61F10A650168}.Release|x64.ActiveCfg = Release|x64
		{C28EFD3D-546D-4D37-8315-61F10A650168}.Release|x64.Build.0 = Release|x64
		{C28EFD3D-546D-4D37-8315-61F10A650168}.Release|x86.ActiveCfg = Release|Win32
		{C28EFD3D-546D-4D37-8315-61F10A650168}.Release|x86.Build.0 = Release|Win32
		{4E549A1E-B556-4F5E-9D85-605C516AB6ED}.Debug|x64.ActiveCfg = Debug|x64
		{4E549A1E-B556-4F5E-9D85-605C516AB6ED}.Debug|x64.Build.0 = Debug|x64
		{4E549A1E-B556-4F5E-9D85-605C516AB6ED}.Debug|x86.ActiveCfg = Debug|Win32
		{4E549A1E-B556-4F5E-9D85-605C516AB6ED}.Debug|x86.Build.0 = Debug|Win32
		{4E549A1E-B556-4F5E-9D85-605C516AB6ED}.Release|x64.ActiveCfg = Release|x64
		{4E549A1E-B556-4F5E-9D85-605C516AB6ED}.Release|x64.Build.0 = Release|x64
		{4E549A1E-B556-4F5E-9D85-605C516AB6ED}.Release|x86.ActiveCfg = Release|Win32
		{4E549A1E-B556-4F5E-9D85-605C516AB6ED}.Release|x86.Build.0 = Release|Win32
		{F5399EE3-CDEA-4E15-A4C7-87D9EA368846}.Debug|x64.ActiveCfg = Debug|x64
		{F5399EE3-CDEA-4E15-A4C7-87D9EA368846}.Debug|x64.Build.0 = Debug|x64
		{F5399EE3-CDEA-4E15-A4C7-87D9EA368846}.Debug|x86.ActiveCfg = Debug|Win32
		{F5399EE3-CDEA-4E15-A4C7-87D9EA368846}.Debug|x86.Build.0 = Debug|Win32
		{F5399EE3-CDEA-4E15-A4C7-87D9EA368846}.Release|x64.ActiveCfg = Release|x64
		{F5399EE3-CDEA-4E15-A4C7-87D9EA368846}.Release|x64.Build.0 = Release|x64
		{F5399EE3-CDEA-4E15-A4C7-87D9EA368846}.Release|x86.ActiveCfg = Release|Win32
		{F5399EE3-CDEA-4E15-A4C7-87D9EA368846}.Release|x86.Build.0 = Release|Win32
		{8AC0AAC6-14A7-4D28-91B9-64C2D3EF3D23}.Debug|x64.ActiveCfg = Debug|x64
		{8AC0AAC6-14A7-4D28-91B9-64C2D3EF3D23}.Debug|x64.Build.0 = Debug|x64
		{8AC0AAC6-14A7-4D28-91B9-64C2D3EF3D23}.Debug|x86.ActiveCfg = Debug|Win32
		{8AC0AAC6-14A7-4D28-91B9-64C2D3EF3D23}.Debug|x86.Build.0 = Debug|Win32
		{8AC0AAC6-14A7-4D28-91B9-64C2D3EF3D23}.Release|x64.ActiveCfg = Release|x64
		{8AC0AAC6-14A7-4D28-91B9-64C2D3EF3D23}.Release|x64.Build.0 = Release|x64
		{8AC0AAC6-14A7-4D28-91B9-64C2D3EF3D23}.Release|x86.ActiveCfg = Release|Win32
		{8AC0AAC6-14A7-4D28-91B9-64C2D3EF3D23}.Release|x86.Build.0 = Release|Win32
		{1B2F0A49-892D-40E1-9519-F8CA885E7304}.Debug|x64.ActiveCfg = Debug|x64
		{1B2F0A49-892D-40E1-9519-F8CA885E7304}.Debug|x64.Build.0 = Debug|x64
		{1B2F0A49-892D-40E1-9519-F8CA885E7304}.Debug|x86.ActiveCfg = Debug|Win32
		{1B2F0A49-892D-40E1-9519-F8CA885E7304}.Debug|x86.Build.0 = Debug|Win32
		{1B2F0A49-892D-40E1-9519-F8CA885E7304}.Release|x64.ActiveCfg = Release|x64
		{1B2F0A49-892D-40E1-9519-F8CA885E7304}.Release|x64.Build.0 = Release|x64
		{1B2F0A49-892D-40E1-9519-F8CA885E7304}.Release|x86.ActiveCfg = Release|Win32
		{1B2F0A49-892D-40E1-9519-F8CA885E7304}.Release|x86.Build.0 = Release|Win32
		{C7AF2A68-A8FA-4C45-B586-C89C08DBA5AB}.Debug|x64.ActiveCfg = Debug|x64
		{C7AF2A68-A8FA-4C45-B586-C89C08DBA5AB}.Debug|x64.Build.0 = Debug|x64
		{C7AF2A68-A8FA-4C45-B586-C89C08DBA5AB}.Debug|x86.ActiveCfg = Debug|Win32
		{C7AF2A68-A8FA-4C45-B586-C89C08DBA5AB}.Debug|x86.Build.0 = Debug|Win32
		{C7AF2A68-A8FA-4C45-B586-C89C08DBA5AB}.Release|x64.ActiveCfg = Release|x64
		{C7AF2A68-A8FA-4C45-B586-C89C08DBA5AB}.Release|x64.Build.0 = Release|x64
		{C7AF2A68-A8FA-4C45-B586-C89C08DBA5AB}.Release|x86.ActiveCfg = Release|Win32
		{C7AF2A68-A8FA-4C45-B586-C89C08DBA5AB}.Release|x86.Build.0 = Release|Win32
		{34A5283D-1738-4613-A030-FAD520279526}.Debug|x64.ActiveCfg = Debug|x64
		{34A5283D-1738-4613-A030-FAD520279526}.Debug|x64.Build.0 = Debug|x64
		{34A5283D-1738-4613-A030-FAD520279526}.Debug|x86.ActiveCfg = Debug|Win32
		{34A5283D-1738-4613-A030-FAD520279526}.Debug|x86.Build.0 = Debug|Win32
		{34A5283D-1738-4613-A030-FAD520279526}.Release|x64.ActiveCfg = Release|x64
		{34A5283D-1738-4613-A030-FAD520279526}.Release|x64.Build.0 = Release|x64
		{34A5283D-1738-4613-A030-FAD520279526}.Release|x86.ActiveCfg = Release|Win32
		{34A5283D-1738-4613-A030-FAD520279526}.Release|x86.Build.0 = Release|Win32
		{A05D28A8-E5E4-4491-98C0-B1CCCFF7C40C}.Debug|x64.ActiveCfg = Debug|x64
		{A05D28A8-E5E4-4491-98C0-B1CCCFF7C40C}.Debug|x64.Build.0 = Debug|x64
		{A05D28A8-E5E4-4491-98C0-B1CCCFF7C40C}.Debug|x86.ActiveCfg = Debug|Win32
		{A05D28A8-E5E4-4491-98C0-B1CCCFF7C40C}.Debug|x86.Build.0 = Debug|Win32
		{A05D28A8-E5E4-4491-98C0-B1CCCFF7C40C}.Release|x64.ActiveCfg = Release|x64
		{A05D28A8-E5E4-4491-98C0-B1CCCFF7C40C}.Release|x64.Build.0 = Release|x64
		{A05D28A8-E5E4-4491-98C0-B1CCCFF7C40C}.Release|x86.ActiveCfg = Release|Win32
		{A05D28A8-E5E4-4491-98C0-B1CCCFF7C40C}.Release|x86.Build.0 = Release|Win32
		{7A8D9391-15CB-4877-B925-288E58ACF0B3}.Debug|x64.ActiveCfg = Debug|x64
		{7A8D9391-15CB-4877-B925-288E58ACF0B3}.Debug|x64.Build.0 = Debug|x64
		{7A8D9391-15CB-4877-B925-288E58ACF0B3}.Debug|x86.ActiveCfg = Debug|Win32
		{7A8D9391-15CB-4877-B925-288E58ACF0B3}.Debug|x86.Build.0 = Debug|Win32
		{7A8D9391-15CB-4877-B925-288E58ACF0B3}.Release|x64.ActiveCfg = Release|x64
		{7A8D9391-15CB-4877-B925-288E58ACF0B3}.Release|x64.Build.0 = Release|x64
		{7A8D9391-15CB-4877-B925-288E58ACF0B3}.Release|x86.ActiveCfg = Release|Win32
		{7A8D9391-15CB-4877-B925-288E58ACF0B3}.Release|x86.Build.0 = Release|Win32
		{062293EB-6813-477B-B520-9CB9D0A2F7DA}.Debug|x64.ActiveCfg = Debug|x64
		{062293EB-6813-477B-B520-9CB9D0A2F7DA}.Debug|x64.Build.0 = Debug|x64
		{062293EB-6813-477B-B520-9CB9D0A2F7DA}.Debug|x86.ActiveCfg = Debug|Win32
		{062293EB-6813-477B-B520-9CB9D0A2F7DA}.Debug|x86.Build.0 = Debug|Win32
		{062293EB-6813-477B-B520-9CB9D0A2F7DA}.Release|x64.ActiveCfg = Release|x64
		{062293EB-6813-477B-B520-9CB9D0A2F7DA}.Release|x64.Build.0 = Release|x64
		{062293EB-6813-477B-B520-9CB9D0A2F7DA}.Release|x86.ActiveCfg = Release|Win32
		{062293EB-6813-477B-B520-9CB9D0A2F7DA}.Release|x86.Build.0 = Release|Win32
		{A7640FE6-39AD-4E38-9009-06DE674E03E3}.Debug|x64.ActiveCfg = Debug|x64
		{A7640FE6-39AD-4E38-9009-06DE674E03E3}.Debug|x64.Build.0 = Debug|x64
		{A7640FE6-39AD-4E38-9009-06DE674E03E3}.Debug|x86.ActiveCfg = Debug|Win32
		{A7640FE6-39AD-4E38-9009-06DE674E03E3}.Debug|x86.Build.0 = Debug|Win32
		{A7640FE6-39AD-4E38-9009-06DE674E03E3}.Release|x64.ActiveCfg = Release|x64
		{A7640FE6-39AD-4E38-9009-06DE674E03E3}.Release|x64.Build.0 = Release|x64
		{A7640FE6-39AD-4E38-9009-06DE674E03E3}.Release|x86.ActiveCfg = Release|Win32
		{A7640FE6-39AD-4E38-9009-06DE674E03E3}.Release|x86.Build.0 = Release|Win32
		{CAAAF73F-C290-407A-810F-229D9DA0003B}.Debug|x64.ActiveCfg = Debug|x64
		{CAAAF73F-C290-407A-810F-229D9DA0003B}.Debug|x64.Build.0 = Debug|x64
		{CAAAF73F-C290-407A-810F-229D9DA0003B}.Debug|x86.ActiveCfg = Debug|Win32
		{CAAAF73F-C290-407A-810F-229D9DA0003B}.Debug|x86.Build.0 = Debug|Win32
		{CAAAF73F-C290-407A-810F-229D9DA0003B}.Release|x64.ActiveCfg = Release|x64
		{CAAAF73F-C290-407A-810F-229D9DA0003B}.Release|x64.Build.0 = Release|x64
		{CAAAF73F-C290-407A-810F-229D9DA0003B}.Release|x86.ActiveCfg = Release|Win32
		{CAAAF73F-C290-407A-810F-229D9DA0003B}.Release|x86.Build.0 = Release|Win32
		{4A5FACCF-EA38-4093-A2F0-3E80FEF851D8}.Debug|x64.ActiveCfg = Debug|x64
		{4A5FACCF-EA38-4093-A2F0-3E80FEF851D8}.Debug|x64.Build.0 = Debug|x64
		{4A5FACCF-EA38-4093-A2F0-3E80FEF851D8}.Debug|x86.ActiveCfg = Debug|Win32
		{4A5FACCF-EA38-4093-A2F0-3E80FEF851D8}.Debug|x86.Build.0 = Debug|Win32
		{4A5FACCF-EA38-4093-A2F0-3E80FEF851D8}.Release|x64.ActiveCfg = Release|x64
		{4A5FACCF-EA38-4093-A2F0-3E80FEF851D8}.Release|x64.Build.0 = Release|x64
		{4A5FACCF-EA38-4093-A2F0-3E80FEF851D8}.Release|x86.ActiveCfg = Release|Win32
		{4A5FACCF-EA38-4093-A2F0-3E80FEF851D8}.Release|x86.Build.0 = Release|Win32
		{3897A545-20FE-43C5-9A11-A21AA48955B5}.Debug|x64.ActiveCfg = Debug|x64
		{3897A545-20FE-43C5-9A11-A21AA48955B5}.Debug|x64.Build.0 = Debug|x64
		{3897A545-20FE-43C5-9A11-A21AA48955B5}.Debug|x86.ActiveCfg = Debug|Win32
		{3897A545-20FE-43C5-9A11-A21AA48955B5}.Debug|x86.Build.0 = Debug|Win32
		{3897A545-20FE-43C5-9A11-A21AA48955B5}.Release|x64.ActiveCfg = Release|x64
		{3897A545-20FE-43C5-9A11-A21AA48955B5}.Release|x64.Build.0 = Release|x64
		{3897A545-20FE-43C5-9A11-A21AA48955B5}.Release|x86.ActiveCfg = Release|Win32
		{3897A545-20FE-43C5-9A11-A21AA48955B5}.Release|x86.Build.0 = Release|Win32
		{458F2CAB-3E6F-4738-83AD-80AFF0F6B140}.Debug|x64.ActiveCfg = Debug|x64
		{458F2CAB-3E6F-4738-83AD-80AFF0F6B140}.Debug|x64.Build.0 = Debug|x64
		{458F2CAB-3E6F-4738-83AD-80AFF0F6B140}.Debug|x86.ActiveCfg = Debug|Win32
		{458F2CAB-3E6F-4738-83AD-80AFF0F6B140}.Debug|x86.Build.0 = Debug|Win32
		{458F2CAB-3E6F-4738-83AD-80AFF0F6B140}.Release|x64.ActiveCfg = Release|x64
		{458F2CAB-3E6F-4738-83AD-80AFF0F6B140}.Release|x64.Build.0 = Release|x64
		{458F2CAB-3E6F-4738-83AD-80AFF0F6B140}.Release|x86.ActiveCfg = Release|Win32
		{458F2CAB-3E6F-4738-83AD-80AFF0F6B140}.Release|x86.Build.0 = Release|Win32
		{E81DF55A-A362-4480-A595-9ADB104F6C12}.Debug|x64.ActiveCfg = Debug|x64
		{E81DF55A-A362-4480-A595-9ADB104F6C12}.Debug|x64.Build.0 = Debug|x64
		{E81DF55A-A362-4480-A595-9ADB104F6C12}.Debug|x86.ActiveCfg = Debug|Win32
		{E81DF55A-A362-4480-A595-9ADB104F6C12}.Debug|x86.Build.0 = Debug|Win32
		{E81DF55A-A362-4480-A595-9ADB104F6C12}.Release|x64.ActiveCfg = Release|x64
		{E81DF55A-A362-4480-A595-9ADB104F6C12}.Release|x64.Build.0 = Release|x64
		{E81DF55A-A362-4480-A595-9ADB104F6C12}.Release|x86.ActiveCfg = Release|Win32
		{E81DF55A-A362-4480-A595-9ADB104F6C12}.Release|x86.Build.0 = Release|Win32
		{7DA6E063-90A6-4098-B866-1651993AC235}.Debug|x64.ActiveCfg = Debug|x64
		{7DA6E063-90A6-4098-B866-1651993AC235}.Debug|x64.Build.0 = Debug|x64
		{7DA6E063-90A6-4098-B866-1651993AC235}.Debug|x86.ActiveCfg = Debug|Win32
		{7DA6E063-90A6-4098-B866-1651993AC235}.Debug|x86.Build.0 = Debug|Win32
		{7DA6E063-90A6-4098-B866-1651993AC235}.Release|x64.ActiveCfg = Release|x64
		{7DA6E063-90A6-4098-B866-1651993AC235}.Release|x64.Build.0 = Release|x64
		{7DA6E063-90A6-4098-B866-1651993AC235}.Release|x86.ActiveCfg = Release|Win32
		{7DA6E063-90A6-4098-B866-1651993AC235}.Release|x86.Build.0 = Release|Win32
		{B7E42E64-C874-413F-AA5A-8B0B28357BCD}.Debug|x64.ActiveCfg = Debug|x64
		{B7E42E64-C874-413F-AA5A-8B0B28357BCD}.Debug|x64.Build.0 = Debug|x64
		{B7E42E64-C874-413F-AA5A-8B0B28357BCD}.Debug|x86.ActiveCfg = Debug|Win32
		{B7E42E64-C874-413F-AA5A-8B0B28357BCD}.Debug|x86.Build.0 = Debug|Win32
		{B7E42E64-C874-413F-AA5A-8B0B28357BCD}.Release|x64.ActiveCfg = Release|x64
		{B7E42E64-C874-413F-AA5A-8B0B28357BCD}.Release|x64.Build.0 = Release|x64
		{B7E42E64-C874-413F-AA5A-8B0B28357BCD}.Release|x86.ActiveCfg = Release|Win32
		{B7E42E64-C874-413F-AA5A-8B0B28357BCD}.Release|x86.Build.0 = Release|Win32
		{7D9A5536-AE4D-4EE1-93FF-FBC5F912A20C}.Debug|x64.ActiveCfg = Debug|x64
		{7D9A5536-AE4D-4EE1-93FF-FBC5F912A20C}.Debug|x64.Build.0 = Debug|x64
		{7D9A5536-AE4D-4EE1-93FF-FBC5F912A20C}.Debug|x86.ActiveCfg = Debug|Win32
		{7D9A5536-AE4D-4EE1-93FF-FBC5F912A20C}.Debug|x86.Build.0 = Debug|Win32
		{7D9A5536-AE4D-4EE1-93FF-FBC5F912A20C}.Release|x64.ActiveCfg = Release|x64
		{7D9A5536-AE4D-4EE1-93FF-FBC5F912A20C}.Release|x64.Build.0 = Release|x64
		{7D9A5536-AE4D-4EE1-93FF-FBC5F912A20C}.Release|x86.ActiveCfg = Release|Win32
		{7D9A5536-AE4D-4EE1-93FF-FBC5F912A20C}.Release|x86.Build.0 = Release|Win32
		{84C20D1C-FCB2-4A79-8C4F-71FD07D59FDF}.Debug|x64.ActiveCfg = Debug|x64
		{84C20D1C-FCB2-4A79-8C4F-71FD07D59FDF}.Debug|x64.Build.0 = Debug|x64
		{84C20D1C-FCB2-4A79-8C4F-71FD07D59FDF}.Debug|x86.ActiveCfg = Debug|Win32
		{84C20D1C-FCB2-4A79-8C4F-71FD07D59FDF}.Debug|x86.Build.0 = Debug|Win32
		{84C20D1C-FCB2-4A79-8C4F-71FD07D59FDF}.Release|x64.ActiveCfg = Release|x64
		{84C20D1C-FCB2-4A79-8C4F-71FD07D59FDF}.Release|x64.Build.0 = Release|x64
		{84C20D1C-FCB2-4A79-8C4F-71FD07D59FDF}.Release|x86.ActiveCfg = Release|Win32
		{84C20D1C-FCB2-4A79-8C4F-71FD07D59FDF}.Release|x86.Build.0 = Release|Win32
		{07E081C2-D274-45ED-829A-ECDE2A6DDD4B}.Debug|x64.ActiveCfg = Debug|x64
		{07E081C2-D274-45ED-829A-ECDE2A6DDD4B}.Debug|x64.Build.0 = Debug|x64
		{07E081C2-D274-45ED-829A-ECDE2A6DDD4B}.Debug|x86.ActiveCfg = Debug|Win32
		{07E081C2-D274-45ED-829A-ECDE2A6DDD4B}.Debug|x86.Build.0 = Debug|Win32
		{07E081C2-D274-45ED-829A-ECDE2A6DDD4B}.Release|x64.ActiveCfg = Release|x64
		{07E081C2-D274-45ED-829A-ECDE2A6DDD4B}.Release|x64.Build.0 = Release|x64
		{07E081C2-D274-45ED-829A-ECDE2A6DDD4B}.Release|x86.ActiveCfg = Release|Win32
		{07E081C2-D274-45ED-829A-ECDE2A6DDD4B}.Release|x86.Build.0 = Release|Win32
		{441AF2B4-869A-4677-AAC3-BC445E9C3EB4}.Debug|x64.ActiveCfg = Debug|x64
		{441AF2B4-869A-4677-AAC3-BC445E9C3EB4}.Debug|x64.Build.0 = Debug|x64
		{441AF2B4-869A-4677-AAC3-BC445E9C3EB4}.Debug|x86.ActiveCfg = Debug|Win32
		{441AF2B4-869A-4677-AAC3-BC445E9C3EB4}.Debug|x86.Build.0 = Debug|Win32
		{441AF2B4-869A-4677-AAC3-BC445E9C3EB4}.Release|x64.ActiveCfg = Release|x64
		{441AF2B4-869A-4677-AAC3-BC445E9C3EB4}.Release|x64.Build.0 = Release|x64
		{441AF2B4-869A-4677-AAC3-BC445E9C3EB4}.Release|x86.ActiveCfg = Release|Win32
		{441AF2B4-869A-4677-AAC3-BC445E9C3EB4}.Release|x86.Build.0 = Release|Win32
		{6348411A-BDA4-46FB-A11D-E4D646C118BD}.Debug|x64.ActiveCfg = Debug|x64
		{6348411A-BDA4-46FB-A11D-E4D646C118BD}.Debug|x64.Build.0 = Debug|x64
		{6348411A-BDA4-46FB-A11D-E4D646C118BD}.Debug|x86.ActiveCfg = Debug|Win32
		{6348411A-BDA4-46FB-A11D-E4D646C118BD}.Debug|x86.Build.0 = Debug|Win32
		{6348411A-BDA4-46FB-A11D-E4D646C118BD}.Release|x64.ActiveCfg = Release|x64
		{6348411A-BDA4-46FB-A11D-E4D646C118BD}.Release|x64.Build.0 = Release|x64
		{6348411A-BDA4-46FB-A11D-E4D646C118BD}.Release|x86.ActiveCfg = Release|Win32
		{6348411A-BDA4-46FB-A11D-E4D646C118BD}.Release|x86.Build.0 = Release|Win32
		{EFC2D250-3DB5-4AE7-BDEF-C0DD7826163A}.Debug|x64.ActiveCfg = Debug|x64
		{EFC2D250-3DB5-4AE7-BDEF-C0DD7826163A}.Debug|x64.Build.0 = Debug|x64
		{EFC2D250-3DB5-4AE7-BDEF-C0DD7826163A}.Debug|x86.ActiveCfg = Debug|Win32
		{EFC2D250-3DB5-4AE7-BDEF-C0DD7826163A}.Debug|x86.Build.0 = Debug|Win32
		{EFC2D250-3DB5-4AE7-BDEF-C0DD7826163A}.Release|x64.ActiveCfg = Release|x64
		{EFC2D250-3DB5-4AE7-BDEF-C0DD7826163A}.Release|x64.Build.0 = Release|x64
		{EFC2D250-3DB5-4AE7-BDEF-C0DD7826163A}.Release|x86.ActiveCfg = Release|Win32
		{EFC2D250-3DB5-4AE7-BDEF-C0DD7826163A}.Release|x86.Build.0 = Release|Win32
		{7E07E9A7-0CF3-43FC-9439-56BF1568F4BE}.Debug|x64.ActiveCfg = Debug|x64
		{7E07E9A7-0CF3-43FC-9439-56BF1568F4BE}.Debug|x64.Build.0 = Debug|x64
		{7E07E9A7-0CF3-43FC-9439-56BF1568F4BE}.Debug|x86.ActiveCfg = Debug|Win32
		{7E07E9A7-0CF3-43FC-9439-56BF1568F4BE}.Debug|x86.Build.0 = Debug|Win32
		{7E07E9A7-0CF3-43FC-9439-56BF1568F4BE}.Release|x64.ActiveCfg = Release|x64
		{7E07E9A7-0CF3-43FC-9439-56BF1568F4BE}.Release|x64.Build.0 = Release|x64
		{7E07E9A7-0CF3-43FC-9439-56BF1568F4BE}.Release|x86.ActiveCfg = Release|Win32
		{7E07E9A7-0CF3-43FC-9439-56BF1568F4BE}.Release|x86.Build.0 = Release|Win32
		{147FF22B-6ADF-4C06-BF61-83FD4D31546D}.Debug|x64.ActiveCfg = Debug|x64
		{147FF22B-6ADF-4C06-BF61-83FD4D31546D}.Debug|x64.Build.0 = Debug|x64
		{147FF22B-6ADF-4C06-BF61-83FD4D31546D}.Debug|x86.ActiveCfg = Debug|Win32
		{147FF22B-6ADF-4C06-BF61-83FD4D31546D}.Debug|x86.Build.0 = Debug|Win32
		{147FF22B-6ADF-4C06-BF61-83FD4D31546D}.Release|x64.ActiveCfg = Release|x64
		{147FF22B-6ADF-4C06-BF61-83FD4D31546D}.Release|x64.Build.0 = Release|x64
		{147FF22B-6ADF-4C06-BF61-83FD4D31546D}.Release|x86.ActiveCfg = Release|Win32
		{147FF22B-6ADF-4C06-BF61-83FD4D31546D}.Release|x86.Build.0 = Release|Win32
		{BD16B2F8-6FB1-4669-898F-ABFBFC054B7C}.Debug|x64.ActiveCfg = Debug|x64
		{BD16B2F8-6FB1-4669-898F-ABFBFC054B7C}.Debug|x64.Build.0 = Debug|x64
		{BD16B2F8-6FB1-4669-898F-ABFBFC054B7C}.Debug|x86.ActiveCfg = Debug|Win32
		{BD16B2F8-6FB1-4669-898F-ABFBFC054B7C}.Debug|x86.Build.0 = Debug|Win32
		{BD16B2F8-6FB1-4669-898F-ABFBFC054B7C}.Release|x64.ActiveCfg = Release|x64
		{BD16B2F8-6FB1-4669-898F-ABFBFC054B7C}.Release|x64.Build.0 = Release|x64
		{BD16B2F8-6FB1-4669-898F-ABFBFC054B7C}.Release|x86.ActiveCfg = Release|Win32
		{BD16B2F8-6FB1-4669-898F-ABFBFC054B7C}.Release|x86.Build.0 = Release|Win32
		{0B623B65-2D84-46E5-BD4A-B771B6643F9C}.Debug|x64.ActiveCfg = Debug|x64
		{0B623B65-2D84-46E5-BD4A-B771B6643F9C}.Debug|x64.Build.0 = Debug|x64
		{0B623B65-2D84-46E5-BD4A-B771B6643F9C}.Debug|x86.ActiveCfg = Debug|Win32
		{0B623B65-2D84-46E5-BD4A-B771B6643F9C}.Debug|x86.Build.0 = Debug|Win32
		{0B623B65-2D84-46E5-BD4A-B771B6643F9C}.Release|x64.ActiveCfg = Release|x64
		{0B623B65-2D84-46E5-BD4A-B771B6643F9C}.Release|x64.Build.0 = Release|x64
		{0B623B65-2D84-46E5-BD4A-B771B6643F9C}.Release|x86.ActiveCfg = Release|Win32
		{0B623B65-2D84-46E5-BD4A-B771B6643F9C}.Release|x86.Build.0 = Release|Win32
		{4A4D220B-BDAC-4CFE-B0D5-334F1AF0BF7A}.Debug|x64.ActiveCfg = Debug|x64
		{4A4D220B-BDAC-4CFE-B0D5-334F1AF0BF7A}.Debug|x64.Build.0 = Debug|x64
		{4A4D220B-BDAC-4CFE-B0D5-334F1AF0BF7A}.Debug|x86.ActiveCfg = Debug|Win32
		{4A4D220B-BDAC-4CFE-B0D5-334F1AF0BF7A}.Debug|x86.Build.0 = Debug|Win32
		{4A4D220B-BDAC-4CFE-B0D5-334F1AF0BF7A}.Release|x64.ActiveCfg = Release|x64
		{4A4D220B-BDAC-4CFE-B0D5-334F1AF0BF7A}.Release|x64.Build.0 = Release|x64
		{4A4D220B-BDAC-4CFE-B0D5-334F1AF0BF7A}.Release|x86.ActiveCfg = Release|Win32
		{4A4D220B-BDAC-4CFE-B0D5-334F1AF0BF7A}.Release|x86.Build.0 = Release|Win32
		{BDD7E144-3412-438E-B97D-DBE65D78CDB2}.Debug|x64.ActiveCfg = Debug|x64
		{BDD7E144-3412-438E-B97D-DBE65D78CDB2}.Debug|x64.Build.0 = Debug|x64
		{BDD7E144-3412-438E-B97D-DBE65D78CDB2}.Debug|x86.ActiveCfg = Debug|Win32
		{BDD7E144-3412-438E-B97D-DBE65D78CDB2}.Debug|x86.Build.0 = Debug|Win32
		{BDD7E144-3412-438E-B97D-DBE65D78CDB2}.Release|x64.ActiveCfg = Release|x64
		{BDD7E144-3412-438E-B97D-DBE65D78CDB2}.Release|x64.Build.0 = Release|x64
		{BDD7E144-3412-438E-B97D-DBE65D78CDB2}.Release|x86.ActiveCfg = Release|Win32
		{BDD7E144-3412-438E-B97D-DBE65D78CDB2}.Release|x86.Build.0 = Release|Win32
		{ADD08994-67FF-4B0A-A928-D5693C2A5A02}.Debug|x64.ActiveCfg = Debug|x64
		{ADD08994-67FF-4B0A-A928-D5693C2A5A02}.Debug|x64.Build.0 = Debug|x64
		{ADD08994-67FF-4B0A-A928-D5693C2A5A02}.Debug|x86.ActiveCfg = Debug|Win32
		{ADD08994-67FF-4B0A-A928-D5693C2A5A02}.Debug|x86.Build.0 = Debug|Win32
		{ADD08994-67FF-4B0A-A928-D5693C2A5A02}.Release|x64.ActiveCfg = Release|x64
		{ADD08994-67FF-4B0A-A928-D5693C2A5A02}.Release|x64.Build.0 = Release|x64
		{ADD08994-67FF-4B0A-A928-D5693C2A5A02}.Release|x86.ActiveCfg = Release|Win32
		{ADD08994-67FF-4B0A-A928-D5693C2A5A02}.Release|x86.Build.0 = Release|Win32
		{699F05CC-8FC4-4AC6-9F1D-3CB4AB6806CB}.Debug|x64.ActiveCfg = Debug|x64
		{699F05CC-8FC4-4AC6-9F1D-3CB4AB6806CB}.Debug|x64.Build.0 = Debug|x64
		{699F05CC-8FC4-4AC6-9F1D-3CB4AB6806CB}.Debug|x86.ActiveCfg = Debug|Win32
		{699F05CC-8FC4-4AC6-9F1D-3CB4AB6806CB}.Debug|x86.Build.0 = Debug|Win32
		{699F05CC-8FC4-4AC6-9F1D-3CB4AB6806CB}.Release|x64.ActiveCfg = Release|x64
		{699F05CC-8FC4-4AC6-9F1D-3CB4AB6806CB}.Release|x64.Build.0 = Release|x64
		{699F05CC-8FC4-4AC6-9F1D-3CB4AB6806CB}.Release|x86.ActiveCfg = Release|Win32
		{699F05CC-8FC4-4AC6-9F1D-3CB4AB6806CB}.Release|x86.Build.0 = Release|Win32
		{F0D75053-C94E-4FE2-9849-D4AFB0BBFE29}.Debug|x64.ActiveCfg = Debug|x64
		{F0D75053-C94E-4FE2-9849-D4AFB0BBFE29}.Debug|x64.Build.0 = Debug|x64
		{F0D75053-C94E-4FE2-9849-D4AFB0BBFE29}.Debug|x86.ActiveCfg = Debug|Win32
		{F0D75053-C94E-4FE2-9849-D4AFB0BBFE29}.Debug|x86.Build.0 = Debug|Win32
		{F0D75053-C94E-4FE2-9849-D4AFB0BBFE29}.Release|x64.ActiveCfg = Release|x64
		{F0D75053-C94E-4FE2-9849-D4AFB0BBFE29}.Release|x64.Build.0 = Release|x64
		{F0D75053-C94E-4FE2-9849-D4AFB0BBFE29}.Release|x86.ActiveCfg = Release|Win32
		{F0D75053-C94E-4FE2-9849-D4AFB0BBFE29}.Release|x86.Build.0 = Release|Win32
		{6B8AE7D3-7580-4BAD-B477-5121BABB524A}.Debug|x64.ActiveCfg = Debug|x64
		{6B8AE7D3-7580-4BAD-B477-5121BABB524A}.Debug|x64.Build.0 = Debug|x64
		{6B8AE7D3-7580-4BAD-B477-5121BABB524A}.Debug|x86.ActiveCfg = Debug|Win32
		{6B8AE7D3-7580-4BAD-B477-5121BABB524A}.Debug|x86.Build.0 = Debug|Win32
		{6B8AE7D3-7580-4BAD-B477-5121BABB524A}.Release|x64.ActiveCfg = Release|x64
		{6B8AE7D3-7580-4BAD-B477-5121BABB524A}.Release|x64.Build.0 = Release|x64
		{6B8AE7D3-7580-4BAD-B477-5121BABB524A}.Release|x86.ActiveCfg = Release|Win32
		{6B8AE7D3-7580-4BAD-B477-5121BABB524A}.Release|x86.Build.0 = Release|Win32
		{0107F67D-9438-4997-9253-5DFADFDEE130}.Debug|x64.ActiveCfg = Debug|x64
		{0107F67D-9438-4997-9253-5DFADFDEE130}.Debug|x64.Build.0 = Debug|x64
		{0107F67D-9438-4997-9253-5DFADFDEE130}.Debug|x86.ActiveCfg = Debug|Win32
		{0107F67D-9438-4997-9253-5DFADFDEE130}.Debug|x86.Build.0 = Debug|Win32
		{0107F67D-9438-4997-9253-5DFADFDEE130}.Release|x64.ActiveCfg = Release|x64
		{0107F67D-9438-4997-9253-5DFADFDEE130}.Release|x64.Build.0 = Release|x64
		{0107F67D-9438-4997-9253-5DFADFDEE130}.Release|x86.ActiveCfg = Release|Win32
		{0107F67D-9438-4997-9253-5DFADFDEE130}.Release|x86.Build.0 = Release|Win32
		{FF3766A0-7897-4D1E-818F-D5A520B0D488}.Debug|x64.ActiveCfg = Debug|x64
		{FF3766A0-7897-4D1E-818F-D5A520B0D488}.Debug|x64.Build.0 = Debug|x64
		{FF3766A0-7897-4D1E-818F-D5A520B0D488}.Debug|x86.ActiveCfg = Debug|Win32
		{FF3766A0-7897-4D1E-818F-D5A520B0D488}.Debug|x86.Build.0 = Debug|Win32
		{FF3766A0-7897-4D1E-818F-D5A520B0D488}.Release|x64.ActiveCfg = Release|x64
		{FF3766A0-7897-4D1E-818F-D5A520B0D488}.Release|x64.Build.0 = Release|x64
		{FF3766A0-7897-4D1E-818F-D5A520B0D488}.Release|x86.ActiveCfg = Release|Win32
		{FF3766A0-7897-4D1E-818F-D5A520B0D488}.Release|x86.Build.0 = Release|Win32
		{524C23D4-C655-43F1-B29F-5017E57AAD2D}.Debug|x64.ActiveCfg = Debug|x64
		{524C23D4-C655-43F1-B29F-5017E57AAD2D}.Debug|x64.Build.0 = Debug|x64
		{524C23D4-C655-43F1-B29F-5017E57AAD2D}.Debug|x86.ActiveCfg = Debug|Win32
		{524C23D4-C655-43F1-B29F-5017E57AAD2D}.Debug|x86.Build.0 = Debug|Win32
		{524C23D4-C655-43F1-B29F-5017E57AAD2D}.Release|x64.ActiveCfg = Release|x64
		{524C23D4-C655-43F1-B29F-5017E57AAD2D}.Release|x64.Build.0 = Release|x64
		{524C23D4-C655-43F1-B29F-5017E57AAD2D}.Release|x86.ActiveCfg = Release|Win32
		{524C23D4-C655-43F1-B29F-5017E57AAD2D}.Release|x86.Build.0 = Release|Win32
		{CD3F5D79-3625-4A1A-89F9-B0D2AF41A973}.Debug|x64.ActiveCfg = Debug|x64
		{CD3F5D79-3625-4A1A-89F9-B0D2AF41A973}.Debug|x64.Build.0 = Debug|x64
		{CD3F5D79-3625-4A1A-89F9-B0D2AF41A973}.Debug|x86.ActiveCfg = Debug|Win32
		{CD3F5D79-3625-4A1A-89F9-B0D2AF41A973}.Debug|x86.Build.0 = Debug|Win32
		{CD3F5D79-3625-4A1A-89F9-B0D2AF41A973}.Release|x64.ActiveCfg = Release|x64
		{CD3F5D79-3625-4A1A-89F9-B0D2AF41A973}.Release|x64.Build.0 = Release|x64
		{CD3F5D79-3625-4A1A-89F9-B0D2AF41A973}.Release|x86.ActiveCfg = Release|Win32
		{CD3F5D79-3625-4A1A-89F9-B0D2AF41A973}.Release|x86.Build.0 = Release|Win32
		{5F39260C-9ED6-4766-9AA1-B2A0E6ADB709}.Debug|x64.ActiveCfg = Debug|x64
		{5F39260C-9ED6-4766-9AA1-B2A0E6ADB709}.Debug|x64.Build.0 = Debug|x64
		{5F39260C-9ED6-4766-9AA1-B2A0E6ADB709}.Debug|x86.ActiveCfg = Debug|Win32
		{5F39260C-9ED6-4766-9AA1-B2A0E6ADB709}.Debug|x86.Build.0 = Debug|Win32
		{5F39260C-9ED6-4766-9AA1-B2A0E6ADB709}.Release|x64.ActiveCfg = Release|x64
		{5F39260C-9ED6-4766-9AA1-B2A0E6ADB709}.Release|x64.Build.0 = Release|x64
		{5F39260C-9ED6-4766-9AA1-B2A0E6ADB709}.Release|x86.ActiveCfg = Release|Win32
		{5F39260C-9ED6-4766-9AA1-B2A0E6ADB709}.Release|x86.Build.0 = Release|Win32
		{BC1894EE-A36F-46DE-9882-96E1E3593BC7}.Debug|x64.ActiveCfg = Debug|x64
		{BC1894EE-A36F-46DE-9882-96E1E3593BC7}.Debug|x64.Build.0 = Debug|x64
		{BC1894EE-A36F-46DE-9882-96E1E3593BC7}.Debug|x86.ActiveCfg = Debug|Win32
		{BC1894EE-A36F-46DE-9882-96E1E3593BC7}.Debug|x86.Build.0 = Debug|Win32
		{BC1894EE-A36F-46DE-9882-96E1E3593BC7}.Release|x64.ActiveCfg = Release|x64
		{BC1894EE-A36F-46DE-9882-96E1E3593BC7}.Release|x64.Build.0 = Release|x64
		{BC1894EE-A36F-46DE-9882-96E1E3593BC7}.Release|x86.ActiveCfg = Release|Win32
		{BC1894EE-A36F-46DE-9882-96E1E3593BC7}.Release|x86.Build.0 = Release|Win32
		{8A20E24D-FB9C-49F4-84E2-F8BBD183FF93}.Debug|x64.ActiveCfg = Debug|x64
		{8A20E24D-FB9C-49F4-84E2-F8BBD183FF93}.Debug|x64.Build.0 = Debug|x64
		{8A20E24D-FB9C-49F4-84E2-F8BBD183FF93}.Debug|x86.ActiveCfg = Debug|Win32
		{8A20E24D-FB9C-49F4-84E2-F8BBD183FF93}.Debug|x86.Build.0 = Debug|Win32
		{8A20E24D-FB9C-49F4-84E2-F8BBD183FF93}.Release|x64.ActiveCfg = Release|x64
		{8A20E24D-FB9C-49F4-84E2-F8BBD183FF93}.Release|x64.Build.0 = Release|x64
		{8A20E24D-FB9C-49F4-84E2-F8BBD183FF93}.Release|x86.ActiveCfg = Release|Win32
		{8A20E24D-FB9C-49F4-84E2-F8BBD183FF93}.Release|x86.Build.0 = Release|Win32
		{E017CB85-B2A2-4FED-80E8-ABF09F36502B}.Debug|x64.ActiveCfg = Debug|x64
		{E017CB85-B2A2-4FED-80E8-ABF09F36502B}.Debug|x64.Build.0 = Debug|x64
		{E017CB85-B2A2-4FED-80E8-ABF09F36502B}.Debug|x86.ActiveCfg = Debug|Win32
		{E017CB85-B2A2-4FED-80E8-ABF09F36502B}.Debug|x86.Build.0 = Debug|Win32
		{E017CB85-B2A2-4FED-80E8-ABF09F36502B}.Release|x64.ActiveCfg = Release|x64
		{E017CB85-B2A2-4FED-80E8-ABF09F36502B}.Release|x64.Build.0 = Release|x64
		{E017CB85-B2A2-4FED-80E8-ABF09F36502B}.Release|x86.ActiveCfg = Release|Win32
		{E017CB85-B2A2-4FED-80E8-ABF09F36502B}.Release|x86.Build.0 = Release|Win32
		{42B145F4-0585-4887-A04F-C7B4CC2EB033}.Debug|x64.ActiveCfg = Debug|x64
		{42B145F4-0585-4887-A04F-C7B4CC2EB033}.Debug|x64.Build.0 = Debug|x64
		{42B145F4-0585-4887-A04F-C7B4CC2EB033}.Debug|x86.ActiveCfg = Debug|Win32
		{42B145F4-0585-4887-A04F-C7B4CC2EB033}.Debug|x86.Build.0 = Debug|Win32
		{42B145F4-0585-4887-A04F-C7B4CC2EB033}.Release|x64.ActiveCfg = Release|x64
		{42B145F4-0585-4887-A04F-C7B4CC2EB033}.Release|x64.Build.0 = Release|x64
		{42B145F4-0585-4887-A04F-C7B4CC2EB033}.Release|x86.ActiveCfg = Release|Win32
		{42B145F4-0585-4887-A04F-C7B4CC2EB033}.Release|x86.Build.0 = Release|Win32
		{9487FCFC-75A1-4FE6-860B-2B09013380C1}.Debug|x64.ActiveCfg = Debug|x64
		{9487FCFC-75A1-4FE6-860B-2B09013380C1}.Debug|x64.Build.0 = Debug|x64
		{9487FCFC-75A1-4FE6-860B-2B09013380C1}.Debug|x86.ActiveCfg = Debug|Win32
		{9487FCFC-75A1-4FE6-860B-2B09013380C1}.Debug|x86.Build.0 = Debug|Win32
		{9487FCFC-75A1-4FE6-860B-2B09013380C1}.Release|x64.ActiveCfg = Release|x64
		{9487FCFC-75A1-4FE6-860B-2B09013380C1}.Release|x64.Build.0 = Release|x64
		{9487FCFC-75A1-4FE6-860B-2B09013380C1}.Release|x86.ActiveCfg = Release|Win32
		{9487FCFC-75A1-4FE6-860B-2B09013380C1}.Release|x86.Build.0 = Release|Win32
		{43421DC7-C7FA-441E-8341-06872899051B}.Debug|x64.ActiveCfg = Debug|x64
		{43421DC7-C7FA-441E-8341-06872899051B}.Debug|x64.Build.0 = Debug|x64
		{43421DC7-C7FA-441E-8341-06872899051B}.Debug|x86.ActiveCfg = Debug|Win32
		{43421DC7-C7FA-441E-8341-06872899051B}.Debug|x86.Build.0 = Debug|Win32
		{43421DC7-C7FA-441E-8341-06872899051B}.Release|x64.ActiveCfg = Release|x64
		{43421DC7-C7FA-441E-8341-06872899051B}.Release|x64.Build.0 = Release|x64
		{43421DC7-C7FA-441E-8341-06872899051B}.Release|x86.ActiveCfg = Release|Win32
		{43421DC7-C7FA-441E-8341-06872899051B}.Release|x86.Build.0 = Release|Win32
		{2C4FFE0E-0231-48DD-B19C-A43EE24FF3E9}.Debug|x64.ActiveCfg = Debug|x64
		{2C4FFE0E-0231-48DD-B19C-A43EE24FF3E9}.Debug|x64.Build.0 = Debug|x64
		{2C4FFE0E-0231-48DD-B19C-A43EE24FF3E9}.Debug|x86.ActiveCfg = Debug|Win32
		{2C4FFE0E-0231-48DD-B19C-A43EE24FF3E9}.Debug|x86.Build.0 = Debug|Win32
		{2C4FFE0E-0231-48DD-B19C-A43EE24FF3E9}.Release|x64.ActiveCfg = Release|x64
		{2C4FFE0E-0231-48DD-B19C-A43EE24FF3E9}.Release|x64.Build.0 = Release|x64
		{2C4FFE0E-0231-48DD-B19C-A43EE24FF3E9}.Release|x86.ActiveCfg = Release|Win32
		{2C4FFE0E-0231-48DD-B19C-A43EE24FF3E9}.Release|x86.Build.0 = Release|Win32
		{582F1C5C-05F9-4AE5-8D6E-A1AC1910460E}.Debug|x64.ActiveCfg = Debug|x64
		{582F1C5C-05F9-4AE5-8D6E-A1AC1910460E}.Debug|x64.Build.0 = Debug|x64
		{582F1C5C-05F9-4AE5-8D6E-A1AC1910460E}.Debug|x86.ActiveCfg = Debug|Win32
		{582F1C5C-05F9-4AE5-8D6E-A1AC1910460E}.Debug|x86.Build.0 = Debug|Win32
		{582F1C5C-05F9-4AE5-8D6E-A1AC1910460E}.Release|x64.ActiveCfg = Release|x64
		{582F1C5C-05F9-4AE5-8D6E-A1AC1910460E}.Release|x64.Build.0 = Release|x64
		{582F1C5C-05F9-4AE5-8D6E-A1AC1910460E}.Release|x86.ActiveCfg = Release|Win32
		{582F1C5C-05F9-4AE5-8D6E-A1AC1910460E}.Release|x86.Build.0 = Release|Win32
		{BA031D86-4FA3-401E-ACB5-C000EF18FD7E}.Debug|x64.ActiveCfg = Debug|x64
		{BA031D86-4FA3-401E-ACB5-C000EF18FD7E}.Debug|x64.Build.0 = Debug|x64
		{BA031D86-4FA3-401E-ACB5-C000EF18FD7E}.Debug|x86.ActiveCfg = Debug|Win32
		{BA031D86-4FA3-401E-ACB5-C000EF18FD7E}.Debug|x86.Build.0 = Debug|Win32
		{BA031D86-4FA3-401E-ACB5-C000EF18FD7E}.Release|x64.ActiveCfg = Release|x64
		{BA031D86-4FA3-401E-ACB5-C000EF18FD7E}.Release|x64.Build.0 = Release|x64
		{BA031D86-4FA3-401E-ACB5-C000EF18FD7E}.Release|x86.ActiveCfg = Release|Win32
		{BA031D86-4FA3-401E-ACB5-C000EF18FD7E}.Release|x86.Build.0 = Release|Win32
		{75E5EB7C-31B4-4D58-91F4-99F5C2E249B4}.Debug|x64.ActiveCfg = Debug|x64
		{75E5EB7C-31B4-4D58-91F4-99F5C2E249B4}.Debug|x64.Build.0 = Debug|x64
		{75E5EB7C-31B4-4D58-91F4-99F5C2E249B4}.Debug|x86.ActiveCfg = Debug|Win32
		{75E5EB7C-31B4-4D58-91F4-99F5C2E249B4}.Debug|x86.Build.0 = Debug|Win32
		{75E5EB7C-31B4-4D58-91F4-99F5C2E249B4}.Release|x64.ActiveCfg = Release|x64
		{75E5EB7C-31B4-4D58-91F4-99F5C2E249B4}.Release|x64.Build.0 = Release|x64
		{75E5EB7C-31B4-4D58-91F4-99F5C2E249B4}.Release|x86.ActiveCfg = Release|Win32
		{75E5EB7C-31B4-4D58-91F4-99F5C2E249B4}.Release|x86.Build.0 = Release|Win32
		{388FF346-AEB6-4422-8AB5-AC3FBB468030}.Debug|x64.ActiveCfg = Debug|x64
		{388FF346-AEB6-4422-8AB5-AC3FBB468030}.Debug|x64.Build.0 = Debug|x64
		{388FF346-AEB6-4422-8AB5-AC3FBB468030}.Debug|x86.ActiveCfg = Debug|Win32
		{388FF346-AEB6-4422-8AB5-AC3FBB468030}.Debug|x86.Build.0 = Debug|Win32
		{388FF346-AEB6-4422-8AB5-AC3FBB468030}.Release|x64.ActiveCfg = Release|x64
		{388FF346-AEB6-4422-8AB5-AC3FBB468030}.Release|x64.Build.0 = Release|x64
		{388FF346-AEB6-4422-8AB5-AC3FBB468030}.Release|x86.ActiveCfg = Release|Win32
		{388FF346-AEB6-4422-8AB5-AC3FBB468030}.Release|x86.Build.0 = Release|Win32
		{36BC0D2E-DD01-4BEA-B37C-EFBB7F963717}.Debug|x64.ActiveCfg = Debug|x64
		{36BC0D2E-DD01-4BEA-B37C-EFBB7F963717}.Debug|x64.Build.0 = Debug|x64
		{36BC0D2E-DD01-4BEA-B37C-EFBB7F963717}.Debug|x86.ActiveCfg = Debug|Win32
		{36BC0D2E-DD01-4BEA-B37C-EFBB7F963717}.Debug|x86.Build.0 = Debug|Win32
		{36BC0D2E-DD01-4BEA-B37C-EFBB7F963717}.Release|x64.ActiveCfg = Release|x64
		{36BC0D2E-DD01-4BEA-B37C-EFBB7F963717}.Release|x64.Build.0 = Release|x64
		{36BC0D2E-DD01-4BEA-B37C-EFBB7F963717}.Release|x86.ActiveCfg = Release|Win32
		{36BC0D2E-DD01-4BEA-B37C-EFBB7F963717}.Release|x86.Build.0 = Release|Win32
		{722E8CBA-2A4C-4B8F-B006-CE7D7F60713F}.Debug|x64.ActiveCfg = Debug|x64
		{722E8CBA-2A4C-4B8F-B006-CE7D7F60713F}.Debug|x64.Build.0 = Debug|x64
		{722E8CBA-2A4C-4B8F-B006-CE7D7F60713F}.Debug|x86.ActiveCfg = Debug|Win32
		{722E8CBA-2A4C-4B8F-B006-CE7D7F60713F}.Debug|x86.Build.0 = Debug|Win32
		{722E8CBA-2A4C-4B8F-B006-CE7D7F60713F}.Release|x64.ActiveCfg = Release|x64
		{722E8CBA-2A4C-4B8F-B006-CE7D7F60713F}.Release|x64.Build.0 = Release|x64
		{722E8CBA-2A4C-4B8F-B006-CE7D7F60713F}.Release|x86.ActiveCfg = Release|Win32
		{722E8CBA-2A4C-4B8F-B006-CE7D7F60713F}.Release|x86.Build.0 = Release|Win32
		{E773B6F2-3635-4F6E-894E-3ED812FA92CA}.Debug|x64.ActiveCfg = Debug|x64
		{E773B6F2-3635-4F6E-894E-3ED812FA92CA}.Debug|x64.Build.0 = Debug|x64
		{E773B6F2-3635-4F6E-894E-3ED812FA92CA}.Debug|x86.ActiveCfg = Debug|Win32
		{E773B6F2-3635-4F6E-894E-3ED812FA92CA}.Debug|x86.Build.0 = Debug|Win32
		{E773B6F2-3635-4F6E-894E-3ED812FA92CA}.Release|x64.ActiveCfg = Release|x64
		{E773B6F2-3635-4F6E-894E-3ED812FA92CA}.Release|x64.Build.0 = Release|x64
		{E773B6F2-3635-4F6E-894E-3ED812FA92CA}.Release|x86.ActiveCfg = Release|Win32
		{E773B6F2-3635-4F6E-894E-3ED812FA92CA}.Release|x86.Build.0 = Release|Win32
		{3C3A261E-55AD-4069-82CD-EE6C015745F3}.Debug|x64.ActiveCfg = Debug|x64
		{3C3A261E-55AD-4069-82CD-EE6C015745F3}.Debug|x64.Build.0 = Debug|x64
		{3C3A261E-55AD-4069-82CD-EE6C015745F3}.Debug|x86.ActiveCfg = Debug|Win32
		{3C3A261E-55AD-4069-82CD-EE6C015745F3}.Debug|x86.Build.0 = Debug|Win32
		{3C3A261E-55AD-4069-82CD-EE6C015745F3}.Release|x64.ActiveCfg = Release|x64
		{3C3A261E-55AD-4069-82CD-EE6C015745F3}.Release|x64.Build.0 = Release|x64
		{3C3A261E-55AD-4069-82CD-EE6C015745F3}.Release|x86.ActiveCfg = Release|Win32
		{3C3A261E-55AD-4069-82CD-EE6C015745F3}.Release|x86.Build.0 = Release|Win32
		{D6AE258D-CAEA-433F-983D-B877933A801A}.Debug|x64.ActiveCfg = Debug|x64
		{D6AE258D-CAEA-433F-983D-B877933A801A}.Debug|x64.Build.0 = Debug|x64
		{D6AE258D-CAEA-433F-983D-B877933A801A}.Debug|x86.ActiveCfg = Debug|Win32
		{D6AE258D-CAEA-433F-983D-B877933A801A}.Debug|x86.Build.0 = Debug|Win32
		{D6AE258D-CAEA-433F-983D-B877933A801A}.Release|x64.ActiveCfg = Release|x64
		{D6AE258D-CAEA-433F-983D-B877933A801A}.Release|x64.Build.0 = Release|x64
		{D6AE258D-CAEA-433F-983D-B877933A801A}.Release|x86.ActiveCfg = Release|Win32
		{D6AE258D-CAEA-433F-983D-B877933A801A}.Release|x86.Build.0 = Release|Win32
		{FC8E7A23-4B19-484D-AFD6-4C19F3367D76}.Debug|x64.ActiveCfg = Debug|x64
		{FC8E7A23-4B19-484D-AFD6-4C19F3367D76}.Debug|x64.Build.0 = Debug|x64
		{FC8E7A23-4B19-484D-AFD6-4C19F3367D76}.Debug|x86.ActiveCfg = Debug|Win32
		{FC8E7A23-4B19-484D-AFD6-4C19F3367D76}.Debug|x86.Build.0 = Debug|Win32
		{FC8E7A23-4B19-484D-AFD6-4C19F3367D76}.Release|x64.ActiveCfg = Release|x64
		{FC8E7A23-4B19-484D-AFD6-4C19F3367D76}.Release|x64.Build.0 = Release|x64
		{FC8E7A23-4B19-484D-AFD6-4C19F3367D76}.Release|x86.ActiveCfg = Release|Win32
		{FC8E7A23-4B19-484D-AFD6-4C19F3367D76}.Release|x86.Build.0 = Release|Win32
		{C2B11384-787F-4A87-9050-87A8B30325AE}.Debug|x64.ActiveCfg = Debug|x64
		{C2B11384-787F-4A87-9050-87A8B30325AE}.Debug|x64.Build.0 = Debug|x64
		{C2B11384-787F-4A87-9050-87A8B30325AE}.Debug|x86.ActiveCfg = Debug|Win32
		{C2B11384-787F-4A87-9050-87A8B30325AE}.Debug|x86.Build.0 = Debug|Win32
		{C2B11384-787F-4A87-9050-87A8B30325AE}.Release|x64.ActiveCfg = Release|x64
		{C2B11384-787F-4A87-9050-87A8B30325AE}.Release|x64.Build.0 = Release|x64
		{C2B11384-787F-4A87-9050-87A8B30325AE}.Release|x86.ActiveCfg = Release|Win32
		{C2B11384-787F-4A87-9050-87A8B30325AE}.Release|x86.Build.0 = Release|Win32
		{D77BF41A-242C-480B-9264-1A500503A810}.Debug|x64.ActiveCfg = Debug|x64
		{D77BF41A-242C-480B-9264-1A500503A810}.Debug|x64.Build.0 = Debug|x64
		{D77BF41A-242C-480B-9264-1A500503A810}.Debug|x86.ActiveCfg = Debug|Win32
		{D77BF41A-242C-480B-9264-1A500503A810}.Debug|x86.Build.0 = Debug|Win32
		{D77BF41A-242C-480B-9264-1A500503A810}.Release|x64.ActiveCfg = Release|x64
		{D77BF41A-242C-480B-9264-1A500503A810}.Release|x64.Build.0 = Release|x64
		{D77BF41A-242C-480B-9264-1A500503A810}.Release|x86.ActiveCfg = Release|Win32
		{D77BF41A-242C-480B-9264-1A500503A810}.Release|x86.Build.0 = Release|Win32
	EndGlobalSection
	GlobalSection(SolutionProperties) = preSolution
		HideSolutionNode = FALSE
	EndGlobalSection
	GlobalSection(ExtensibilityGlobals) = postSolution
		SolutionGuid = {477EC4B3-F087-4CC0-98C7-79D43BF93163}
	EndGlobalSection
EndGlobal
